// !$*UTF8*$!
{
	archiveVersion = 1;
	classes = {
	};
	objectVersion = 56;
	objects = {

/* Begin PBXBuildFile section */
		00000001 /* VettIDApp.swift in Sources */ = {isa = PBXBuildFile; fileRef = 10000001; };
		00000002 /* ContentView.swift in Sources */ = {isa = PBXBuildFile; fileRef = 10000002; };
		00000003 /* CryptoManager.swift in Sources */ = {isa = PBXBuildFile; fileRef = 10000003; };
		00000004 /* CredentialStore.swift in Sources */ = {isa = PBXBuildFile; fileRef = 10000004; };
		00000005 /* SecureKeyStore.swift in Sources */ = {isa = PBXBuildFile; fileRef = 10000005; };
		00000006 /* APIClient.swift in Sources */ = {isa = PBXBuildFile; fileRef = 10000006; };
		00000007 /* AttestationManager.swift in Sources */ = {isa = PBXBuildFile; fileRef = 10000007; };
		00000008 /* EnrollmentService.swift in Sources */ = {isa = PBXBuildFile; fileRef = 10000008; };
		00000009 /* QRScannerView.swift in Sources */ = {isa = PBXBuildFile; fileRef = 10000009; };
		0000000A /* BiometricAuthService.swift in Sources */ = {isa = PBXBuildFile; fileRef = 1000000A; };
		0000000B /* VaultService.swift in Sources */ = {isa = PBXBuildFile; fileRef = 1000000B; };
		0000000C /* Assets.xcassets in Resources */ = {isa = PBXBuildFile; fileRef = 1000000C; };
		0000000D /* PasswordHasher.swift in Sources */ = {isa = PBXBuildFile; fileRef = 1000000E; };
		0000000E /* AuthenticationService.swift in Sources */ = {isa = PBXBuildFile; fileRef = 1000000F; };
		00000010 /* EnrollmentViewModel.swift in Sources */ = {isa = PBXBuildFile; fileRef = 10000010; };
		00000011 /* PasswordSetupView.swift in Sources */ = {isa = PBXBuildFile; fileRef = 10000011; };
		00000012 /* AttestationView.swift in Sources */ = {isa = PBXBuildFile; fileRef = 10000012; };
		00000013 /* EnrollmentCompleteView.swift in Sources */ = {isa = PBXBuildFile; fileRef = 10000013; };
/* End PBXBuildFile section */

/* Begin PBXFileReference section */
		10000001 /* VettIDApp.swift */ = {isa = PBXFileReference; lastKnownFileType = sourcecode.swift; path = VettIDApp.swift; sourceTree = "<group>"; };
		10000002 /* ContentView.swift */ = {isa = PBXFileReference; lastKnownFileType = sourcecode.swift; path = ContentView.swift; sourceTree = "<group>"; };
		10000003 /* CryptoManager.swift */ = {isa = PBXFileReference; lastKnownFileType = sourcecode.swift; path = CryptoManager.swift; sourceTree = "<group>"; };
		10000004 /* CredentialStore.swift */ = {isa = PBXFileReference; lastKnownFileType = sourcecode.swift; path = CredentialStore.swift; sourceTree = "<group>"; };
		10000005 /* SecureKeyStore.swift */ = {isa = PBXFileReference; lastKnownFileType = sourcecode.swift; path = SecureKeyStore.swift; sourceTree = "<group>"; };
		10000006 /* APIClient.swift */ = {isa = PBXFileReference; lastKnownFileType = sourcecode.swift; path = APIClient.swift; sourceTree = "<group>"; };
		10000007 /* AttestationManager.swift */ = {isa = PBXFileReference; lastKnownFileType = sourcecode.swift; path = AttestationManager.swift; sourceTree = "<group>"; };
		10000008 /* EnrollmentService.swift */ = {isa = PBXFileReference; lastKnownFileType = sourcecode.swift; path = EnrollmentService.swift; sourceTree = "<group>"; };
		10000009 /* QRScannerView.swift */ = {isa = PBXFileReference; lastKnownFileType = sourcecode.swift; path = QRScannerView.swift; sourceTree = "<group>"; };
		1000000A /* BiometricAuthService.swift */ = {isa = PBXFileReference; lastKnownFileType = sourcecode.swift; path = BiometricAuthService.swift; sourceTree = "<group>"; };
		1000000B /* VaultService.swift */ = {isa = PBXFileReference; lastKnownFileType = sourcecode.swift; path = VaultService.swift; sourceTree = "<group>"; };
		1000000C /* Assets.xcassets */ = {isa = PBXFileReference; lastKnownFileType = folder.assetcatalog; path = Assets.xcassets; sourceTree = "<group>"; };
		1000000D /* Info.plist */ = {isa = PBXFileReference; lastKnownFileType = text.plist.xml; path = Info.plist; sourceTree = "<group>"; };
		1000000E /* PasswordHasher.swift */ = {isa = PBXFileReference; lastKnownFileType = sourcecode.swift; path = PasswordHasher.swift; sourceTree = "<group>"; };
		1000000F /* AuthenticationService.swift */ = {isa = PBXFileReference; lastKnownFileType = sourcecode.swift; path = AuthenticationService.swift; sourceTree = "<group>"; };
		10000010 /* EnrollmentViewModel.swift */ = {isa = PBXFileReference; lastKnownFileType = sourcecode.swift; path = EnrollmentViewModel.swift; sourceTree = "<group>"; };
		10000011 /* PasswordSetupView.swift */ = {isa = PBXFileReference; lastKnownFileType = sourcecode.swift; path = PasswordSetupView.swift; sourceTree = "<group>"; };
		10000012 /* AttestationView.swift */ = {isa = PBXFileReference; lastKnownFileType = sourcecode.swift; path = AttestationView.swift; sourceTree = "<group>"; };
		10000013 /* EnrollmentCompleteView.swift */ = {isa = PBXFileReference; lastKnownFileType = sourcecode.swift; path = EnrollmentCompleteView.swift; sourceTree = "<group>"; };
		20000001 /* VettID.app */ = {isa = PBXFileReference; explicitFileType = wrapper.application; includeInIndex = 0; path = VettID.app; sourceTree = BUILT_PRODUCTS_DIR; };
/* End PBXFileReference section */

/* Begin PBXFrameworksBuildPhase section */
		30000001 /* Frameworks */ = {
			isa = PBXFrameworksBuildPhase;
			buildActionMask = 2147483647;
			files = (
			);
			runOnlyForDeploymentPostprocessing = 0;
		};
/* End PBXFrameworksBuildPhase section */

/* Begin PBXGroup section */
		40000001 = {
			isa = PBXGroup;
			children = (
				40000002 /* VettID */,
				40000003 /* Products */,
			);
			sourceTree = "<group>";
		};
		40000002 /* VettID */ = {
			isa = PBXGroup;
			children = (
				40000004 /* App */,
				40000005 /* Core */,
				40000006 /* Features */,
				40000007 /* Resources */,
				1000000D /* Info.plist */,
			);
			path = VettID;
			sourceTree = "<group>";
		};
		40000003 /* Products */ = {
			isa = PBXGroup;
			children = (
				20000001 /* VettID.app */,
			);
			name = Products;
			sourceTree = "<group>";
		};
		40000004 /* App */ = {
			isa = PBXGroup;
			children = (
				10000001 /* VettIDApp.swift */,
				10000002 /* ContentView.swift */,
			);
			path = App;
			sourceTree = "<group>";
		};
		40000005 /* Core */ = {
			isa = PBXGroup;
			children = (
				40000008 /* Crypto */,
				40000009 /* Storage */,
				4000000A /* Networking */,
				4000000B /* Attestation */,
			);
			path = Core;
			sourceTree = "<group>";
		};
		40000006 /* Features */ = {
			isa = PBXGroup;
			children = (
				4000000C /* Enrollment */,
				4000000D /* Authentication */,
				4000000E /* Vault */,
			);
			path = Features;
			sourceTree = "<group>";
		};
		40000007 /* Resources */ = {
			isa = PBXGroup;
			children = (
				1000000C /* Assets.xcassets */,
			);
			path = Resources;
			sourceTree = "<group>";
		};
		40000008 /* Crypto */ = {
			isa = PBXGroup;
			children = (
				10000003 /* CryptoManager.swift */,
				1000000E /* PasswordHasher.swift */,
			);
			path = Crypto;
			sourceTree = "<group>";
		};
		40000009 /* Storage */ = {
			isa = PBXGroup;
			children = (
				10000004 /* CredentialStore.swift */,
				10000005 /* SecureKeyStore.swift */,
			);
			path = Storage;
			sourceTree = "<group>";
		};
		4000000A /* Networking */ = {
			isa = PBXGroup;
			children = (
				10000006 /* APIClient.swift */,
			);
			path = Networking;
			sourceTree = "<group>";
		};
		4000000B /* Attestation */ = {
			isa = PBXGroup;
			children = (
				10000007 /* AttestationManager.swift */,
			);
			path = Attestation;
			sourceTree = "<group>";
		};
		4000000C /* Enrollment */ = {
			isa = PBXGroup;
			children = (
				10000008 /* EnrollmentService.swift */,
				10000009 /* QRScannerView.swift */,
				10000010 /* EnrollmentViewModel.swift */,
				10000011 /* PasswordSetupView.swift */,
				10000012 /* AttestationView.swift */,
				10000013 /* EnrollmentCompleteView.swift */,
			);
			path = Enrollment;
			sourceTree = "<group>";
		};
		4000000D /* Authentication */ = {
			isa = PBXGroup;
			children = (
				1000000A /* BiometricAuthService.swift */,
				1000000F /* AuthenticationService.swift */,
			);
			path = Authentication;
			sourceTree = "<group>";
		};
		4000000E /* Vault */ = {
			isa = PBXGroup;
			children = (
				1000000B /* VaultService.swift */,
			);
			path = Vault;
			sourceTree = "<group>";
		};
/* End PBXGroup section */

/* Begin PBXNativeTarget section */
		50000001 /* VettID */ = {
			isa = PBXNativeTarget;
			buildConfigurationList = 60000001 /* Build configuration list for PBXNativeTarget "VettID" */;
			buildPhases = (
				50000002 /* Sources */,
				30000001 /* Frameworks */,
				50000003 /* Resources */,
			);
			buildRules = (
			);
			dependencies = (
			);
			name = VettID;
			productName = VettID;
			productReference = 20000001 /* VettID.app */;
			productType = "com.apple.product-type.application";
		};
/* End PBXNativeTarget section */

/* Begin PBXProject section */
		70000001 /* Project object */ = {
			isa = PBXProject;
			attributes = {
				BuildIndependentTargetsInParallel = 1;
				LastSwiftUpdateCheck = 1500;
				LastUpgradeCheck = 1500;
				TargetAttributes = {
					50000001 = {
						CreatedOnToolsVersion = 15.0;
					};
				};
			};
			buildConfigurationList = 60000002 /* Build configuration list for PBXProject "VettID" */;
			compatibilityVersion = "Xcode 14.0";
			developmentRegion = en;
			hasScannedForEncodings = 0;
			knownRegions = (
				en,
				Base,
			);
			mainGroup = 40000001;
			productRefGroup = 40000003 /* Products */;
			projectDirPath = "";
			projectRoot = "";
			targets = (
				50000001 /* VettID */,
			);
		};
/* End PBXProject section */

/* Begin PBXResourcesBuildPhase section */
		50000003 /* Resources */ = {
			isa = PBXResourcesBuildPhase;
			buildActionMask = 2147483647;
			files = (
				0000000C /* Assets.xcassets in Resources */,
			);
			runOnlyForDeploymentPostprocessing = 0;
		};
/* End PBXResourcesBuildPhase section */

/* Begin PBXSourcesBuildPhase section */
		50000002 /* Sources */ = {
			isa = PBXSourcesBuildPhase;
			buildActionMask = 2147483647;
			files = (
				00000001 /* VettIDApp.swift in Sources */,
				00000002 /* ContentView.swift in Sources */,
				00000003 /* CryptoManager.swift in Sources */,
				00000004 /* CredentialStore.swift in Sources */,
				00000005 /* SecureKeyStore.swift in Sources */,
				00000006 /* APIClient.swift in Sources */,
				00000007 /* AttestationManager.swift in Sources */,
				00000008 /* EnrollmentService.swift in Sources */,
				00000009 /* QRScannerView.swift in Sources */,
				0000000A /* BiometricAuthService.swift in Sources */,
				0000000B /* VaultService.swift in Sources */,
				0000000D /* PasswordHasher.swift in Sources */,
				0000000E /* AuthenticationService.swift in Sources */,
				00000010 /* EnrollmentViewModel.swift in Sources */,
				00000011 /* PasswordSetupView.swift in Sources */,
				00000012 /* AttestationView.swift in Sources */,
				00000013 /* EnrollmentCompleteView.swift in Sources */,
			);
			runOnlyForDeploymentPostprocessing = 0;
		};
/* End PBXSourcesBuildPhase section */

/* Begin XCBuildConfiguration section */
		80000001 /* Debug */ = {
			isa = XCBuildConfiguration;
			buildSettings = {
				ALWAYS_SEARCH_USER_PATHS = NO;
				ASSETCATALOG_COMPILER_GENERATE_SWIFT_ASSET_SYMBOL_EXTENSIONS = YES;
				CLANG_ANALYZER_NONNULL = YES;
				CLANG_ANALYZER_NUMBER_OBJECT_CONVERSION = YES_AGGRESSIVE;
				CLANG_CXX_LANGUAGE_STANDARD = "gnu++20";
				CLANG_ENABLE_MODULES = YES;
				CLANG_ENABLE_OBJC_ARC = YES;
				CLANG_ENABLE_OBJC_WEAK = YES;
				CLANG_WARN_BLOCK_CAPTURE_AUTORELEASING = YES;
				CLANG_WARN_BOOL_CONVERSION = YES;
				CLANG_WARN_COMMA = YES;
				CLANG_WARN_CONSTANT_CONVERSION = YES;
				CLANG_WARN_DEPRECATED_OBJC_IMPLEMENTATIONS = YES;
				CLANG_WARN_DIRECT_OBJC_ISA_USAGE = YES_ERROR;
				CLANG_WARN_DOCUMENTATION_COMMENTS = YES;
				CLANG_WARN_EMPTY_BODY = YES;
				CLANG_WARN_ENUM_CONVERSION = YES;
				CLANG_WARN_INFINITE_RECURSION = YES;
				CLANG_WARN_INT_CONVERSION = YES;
				CLANG_WARN_NON_LITERAL_NULL_CONVERSION = YES;
				CLANG_WARN_OBJC_IMPLICIT_RETAIN_SELF = YES;
				CLANG_WARN_OBJC_LITERAL_CONVERSION = YES;
				CLANG_WARN_OBJC_ROOT_CLASS = YES_ERROR;
				CLANG_WARN_QUOTED_INCLUDE_IN_FRAMEWORK_HEADER = YES;
				CLANG_WARN_RANGE_LOOP_ANALYSIS = YES;
				CLANG_WARN_STRICT_PROTOTYPES = YES;
				CLANG_WARN_SUSPICIOUS_MOVE = YES;
				CLANG_WARN_UNGUARDED_AVAILABILITY = YES_AGGRESSIVE;
				CLANG_WARN_UNREACHABLE_CODE = YES;
				CLANG_WARN__DUPLICATE_METHOD_MATCH = YES;
				COPY_PHASE_STRIP = NO;
				DEBUG_INFORMATION_FORMAT = dwarf;
				ENABLE_STRICT_OBJC_MSGSEND = YES;
				ENABLE_TESTABILITY = YES;
				ENABLE_USER_SCRIPT_SANDBOXING = YES;
				GCC_C_LANGUAGE_STANDARD = gnu17;
				GCC_DYNAMIC_NO_PIC = NO;
				GCC_NO_COMMON_BLOCKS = YES;
				GCC_OPTIMIZATION_LEVEL = 0;
				GCC_PREPROCESSOR_DEFINITIONS = (
					"DEBUG=1",
					"$(inherited)",
				);
				GCC_WARN_64_TO_32_BIT_CONVERSION = YES;
				GCC_WARN_ABOUT_RETURN_TYPE = YES_ERROR;
				GCC_WARN_UNDECLARED_SELECTOR = YES;
				GCC_WARN_UNINITIALIZED_AUTOS = YES_AGGRESSIVE;
				GCC_WARN_UNUSED_FUNCTION = YES;
				GCC_WARN_UNUSED_VARIABLE = YES;
				IPHONEOS_DEPLOYMENT_TARGET = 16.0;
				LOCALIZATION_PREFERS_STRING_CATALOGS = YES;
				MTL_ENABLE_DEBUG_INFO = INCLUDE_SOURCE;
				MTL_FAST_MATH = YES;
				ONLY_ACTIVE_ARCH = YES;
				SDKROOT = iphoneos;
				SWIFT_ACTIVE_COMPILATION_CONDITIONS = "DEBUG $(inherited)";
				SWIFT_OPTIMIZATION_LEVEL = "-Onone";
			};
			name = Debug;
		};
		80000002 /* Release */ = {
			isa = XCBuildConfiguration;
			buildSettings = {
				ALWAYS_SEARCH_USER_PATHS = NO;
				ASSETCATALOG_COMPILER_GENERATE_SWIFT_ASSET_SYMBOL_EXTENSIONS = YES;
				CLANG_ANALYZER_NONNULL = YES;
				CLANG_ANALYZER_NUMBER_OBJECT_CONVERSION = YES_AGGRESSIVE;
				CLANG_CXX_LANGUAGE_STANDARD = "gnu++20";
				CLANG_ENABLE_MODULES = YES;
				CLANG_ENABLE_OBJC_ARC = YES;
				CLANG_ENABLE_OBJC_WEAK = YES;
				CLANG_WARN_BLOCK_CAPTURE_AUTORELEASING = YES;
				CLANG_WARN_BOOL_CONVERSION = YES;
				CLANG_WARN_COMMA = YES;
				CLANG_WARN_CONSTANT_CONVERSION = YES;
				CLANG_WARN_DEPRECATED_OBJC_IMPLEMENTATIONS = YES;
				CLANG_WARN_DIRECT_OBJC_ISA_USAGE = YES_ERROR;
				CLANG_WARN_DOCUMENTATION_COMMENTS = YES;
				CLANG_WARN_EMPTY_BODY = YES;
				CLANG_WARN_ENUM_CONVERSION = YES;
				CLANG_WARN_INFINITE_RECURSION = YES;
				CLANG_WARN_INT_CONVERSION = YES;
				CLANG_WARN_NON_LITERAL_NULL_CONVERSION = YES;
				CLANG_WARN_OBJC_IMPLICIT_RETAIN_SELF = YES;
				CLANG_WARN_OBJC_LITERAL_CONVERSION = YES;
				CLANG_WARN_OBJC_ROOT_CLASS = YES_ERROR;
				CLANG_WARN_QUOTED_INCLUDE_IN_FRAMEWORK_HEADER = YES;
				CLANG_WARN_RANGE_LOOP_ANALYSIS = YES;
				CLANG_WARN_STRICT_PROTOTYPES = YES;
				CLANG_WARN_SUSPICIOUS_MOVE = YES;
				CLANG_WARN_UNGUARDED_AVAILABILITY = YES_AGGRESSIVE;
				CLANG_WARN_UNREACHABLE_CODE = YES;
				CLANG_WARN__DUPLICATE_METHOD_MATCH = YES;
				COPY_PHASE_STRIP = NO;
				DEBUG_INFORMATION_FORMAT = "dwarf-with-dsym";
				ENABLE_NS_ASSERTIONS = NO;
				ENABLE_STRICT_OBJC_MSGSEND = YES;
				ENABLE_USER_SCRIPT_SANDBOXING = YES;
				GCC_C_LANGUAGE_STANDARD = gnu17;
				GCC_NO_COMMON_BLOCKS = YES;
				GCC_WARN_64_TO_32_BIT_CONVERSION = YES;
				GCC_WARN_ABOUT_RETURN_TYPE = YES_ERROR;
				GCC_WARN_UNDECLARED_SELECTOR = YES;
				GCC_WARN_UNINITIALIZED_AUTOS = YES_AGGRESSIVE;
				GCC_WARN_UNUSED_FUNCTION = YES;
				GCC_WARN_UNUSED_VARIABLE = YES;
				IPHONEOS_DEPLOYMENT_TARGET = 16.0;
				LOCALIZATION_PREFERS_STRING_CATALOGS = YES;
				MTL_ENABLE_DEBUG_INFO = NO;
				MTL_FAST_MATH = YES;
				SDKROOT = iphoneos;
				SWIFT_COMPILATION_MODE = wholemodule;
				VALIDATE_PRODUCT = YES;
			};
			name = Release;
		};
		80000003 /* Debug */ = {
			isa = XCBuildConfiguration;
			buildSettings = {
				ASSETCATALOG_COMPILER_APPICON_NAME = AppIcon;
				ASSETCATALOG_COMPILER_GLOBAL_ACCENT_COLOR_NAME = AccentColor;
				CODE_SIGN_STYLE = Automatic;
				CURRENT_PROJECT_VERSION = 1;
				DEVELOPMENT_TEAM = "";
				ENABLE_PREVIEWS = YES;
				GENERATE_INFOPLIST_FILE = YES;
				INFOPLIST_FILE = VettID/Info.plist;
				INFOPLIST_KEY_NSCameraUsageDescription = "VettID needs camera access to scan enrollment QR codes.";
				INFOPLIST_KEY_NSFaceIDUsageDescription = "VettID uses Face ID to securely unlock your credentials.";
				INFOPLIST_KEY_UIApplicationSceneManifest_Generation = YES;
				INFOPLIST_KEY_UIApplicationSupportsIndirectInputEvents = YES;
				INFOPLIST_KEY_UILaunchScreen_Generation = YES;
				INFOPLIST_KEY_UISupportedInterfaceOrientations_iPad = "UIInterfaceOrientationPortrait UIInterfaceOrientationPortraitUpsideDown UIInterfaceOrientationLandscapeLeft UIInterfaceOrientationLandscapeRight";
				INFOPLIST_KEY_UISupportedInterfaceOrientations_iPhone = "UIInterfaceOrientationPortrait UIInterfaceOrientationLandscapeLeft UIInterfaceOrientationLandscapeRight";
				LD_RUNPATH_SEARCH_PATHS = (
					"$(inherited)",
					"@executable_path/Frameworks",
				);
				MARKETING_VERSION = 1.0;
				PRODUCT_BUNDLE_IDENTIFIER = com.vettid.app;
				PRODUCT_NAME = "$(TARGET_NAME)";
				SWIFT_EMIT_LOC_STRINGS = YES;
				SWIFT_VERSION = 5.0;
				TARGETED_DEVICE_FAMILY = "1,2";
			};
			name = Debug;
		};
		80000004 /* Release */ = {
			isa = XCBuildConfiguration;
			buildSettings = {
				ASSETCATALOG_COMPILER_APPICON_NAME = AppIcon;
				ASSETCATALOG_COMPILER_GLOBAL_ACCENT_COLOR_NAME = AccentColor;
				CODE_SIGN_STYLE = Automatic;
				CURRENT_PROJECT_VERSION = 1;
				DEVELOPMENT_TEAM = "";
				ENABLE_PREVIEWS = YES;
				GENERATE_INFOPLIST_FILE = YES;
				INFOPLIST_FILE = VettID/Info.plist;
				INFOPLIST_KEY_NSCameraUsageDescription = "VettID needs camera access to scan enrollment QR codes.";
				INFOPLIST_KEY_NSFaceIDUsageDescription = "VettID uses Face ID to securely unlock your credentials.";
				INFOPLIST_KEY_UIApplicationSceneManifest_Generation = YES;
				INFOPLIST_KEY_UIApplicationSupportsIndirectInputEvents = YES;
				INFOPLIST_KEY_UILaunchScreen_Generation = YES;
				INFOPLIST_KEY_UISupportedInterfaceOrientations_iPad = "UIInterfaceOrientationPortrait UIInterfaceOrientationPortraitUpsideDown UIInterfaceOrientationLandscapeLeft UIInterfaceOrientationLandscapeRight";
				INFOPLIST_KEY_UISupportedInterfaceOrientations_iPhone = "UIInterfaceOrientationPortrait UIInterfaceOrientationLandscapeLeft UIInterfaceOrientationLandscapeRight";
				LD_RUNPATH_SEARCH_PATHS = (
					"$(inherited)",
					"@executable_path/Frameworks",
				);
				MARKETING_VERSION = 1.0;
				PRODUCT_BUNDLE_IDENTIFIER = com.vettid.app;
				PRODUCT_NAME = "$(TARGET_NAME)";
				SWIFT_EMIT_LOC_STRINGS = YES;
				SWIFT_VERSION = 5.0;
				TARGETED_DEVICE_FAMILY = "1,2";
			};
			name = Release;
		};
/* End XCBuildConfiguration section */

/* Begin XCConfigurationList section */
		60000001 /* Build configuration list for PBXNativeTarget "VettID" */ = {
			isa = XCConfigurationList;
			buildConfigurations = (
				80000003 /* Debug */,
				80000004 /* Release */,
			);
			defaultConfigurationIsVisible = 0;
			defaultConfigurationName = Release;
		};
		60000002 /* Build configuration list for PBXProject "VettID" */ = {
			isa = XCConfigurationList;
			buildConfigurations = (
				80000001 /* Debug */,
				80000002 /* Release */,
			);
			defaultConfigurationIsVisible = 0;
			defaultConfigurationName = Release;
		};
/* End XCConfigurationList section */
	};
	rootObject = 70000001 /* Project object */;
}
