// !$*UTF8*$!
{
	archiveVersion = 1;
	classes = {
	};
	objectVersion = 56;
	objects = {

/* Begin PBXBuildFile section */
		00000001 /* VettIDApp.swift in Sources */ = {isa = PBXBuildFile; fileRef = 10000001 /* VettIDApp.swift */; };
		00000002 /* ContentView.swift in Sources */ = {isa = PBXBuildFile; fileRef = 10000002 /* ContentView.swift */; };
		00000003 /* CryptoManager.swift in Sources */ = {isa = PBXBuildFile; fileRef = 10000003 /* CryptoManager.swift */; };
		00000004 /* CredentialStore.swift in Sources */ = {isa = PBXBuildFile; fileRef = 10000004 /* CredentialStore.swift */; };
		00000005 /* SecureKeyStore.swift in Sources */ = {isa = PBXBuildFile; fileRef = 10000005 /* SecureKeyStore.swift */; };
		00000006 /* APIClient.swift in Sources */ = {isa = PBXBuildFile; fileRef = 10000006 /* APIClient.swift */; };
		00000007 /* AttestationManager.swift in Sources */ = {isa = PBXBuildFile; fileRef = 10000007 /* AttestationManager.swift */; };
		00000008 /* EnrollmentService.swift in Sources */ = {isa = PBXBuildFile; fileRef = 10000008 /* EnrollmentService.swift */; };
		00000009 /* QRScannerView.swift in Sources */ = {isa = PBXBuildFile; fileRef = 10000009 /* QRScannerView.swift */; };
		0000000A /* BiometricAuthService.swift in Sources */ = {isa = PBXBuildFile; fileRef = 1000000A /* BiometricAuthService.swift */; };
		0000000B /* VaultService.swift in Sources */ = {isa = PBXBuildFile; fileRef = 1000000B /* VaultService.swift */; };
		0000000C /* Assets.xcassets in Resources */ = {isa = PBXBuildFile; fileRef = 1000000C /* Assets.xcassets */; };
		0000000D /* PasswordHasher.swift in Sources */ = {isa = PBXBuildFile; fileRef = 1000000E /* PasswordHasher.swift */; };
		0000000E /* AuthenticationService.swift in Sources */ = {isa = PBXBuildFile; fileRef = 1000000F /* AuthenticationService.swift */; };
		00000010 /* EnrollmentViewModel.swift in Sources */ = {isa = PBXBuildFile; fileRef = 10000010 /* EnrollmentViewModel.swift */; };
		00000011 /* PasswordSetupView.swift in Sources */ = {isa = PBXBuildFile; fileRef = 10000011 /* PasswordSetupView.swift */; };
		00000012 /* AttestationView.swift in Sources */ = {isa = PBXBuildFile; fileRef = 10000012 /* AttestationView.swift */; };
		00000013 /* EnrollmentCompleteView.swift in Sources */ = {isa = PBXBuildFile; fileRef = 10000013 /* EnrollmentCompleteView.swift */; };
		00000014 /* AuthenticationViewModel.swift in Sources */ = {isa = PBXBuildFile; fileRef = 10000014 /* AuthenticationViewModel.swift */; };
		00000015 /* AuthenticationContainerView.swift in Sources */ = {isa = PBXBuildFile; fileRef = 10000015 /* AuthenticationContainerView.swift */; };
		00000016 /* VaultStatusViewModel.swift in Sources */ = {isa = PBXBuildFile; fileRef = 10000016 /* VaultStatusViewModel.swift */; };
		00000017 /* VaultStatusView.swift in Sources */ = {isa = PBXBuildFile; fileRef = 10000017 /* VaultStatusView.swift */; };
		00000018 /* VaultBackgroundRefresh.swift in Sources */ = {isa = PBXBuildFile; fileRef = 10000018 /* VaultBackgroundRefresh.swift */; };
		00000019 /* NatsCredentials.swift in Sources */ = {isa = PBXBuildFile; fileRef = 10000019 /* NatsCredentials.swift */; };
		0000001A /* NatsCredentialStore.swift in Sources */ = {isa = PBXBuildFile; fileRef = 1000001A /* NatsCredentialStore.swift */; };
		0000001B /* NatsConnectionManager.swift in Sources */ = {isa = PBXBuildFile; fileRef = 1000001B /* NatsConnectionManager.swift */; };
		0000001C /* OwnerSpaceClient.swift in Sources */ = {isa = PBXBuildFile; fileRef = 1000001C /* OwnerSpaceClient.swift */; };
		0000001D /* NatsTokenRefreshTask.swift in Sources */ = {isa = PBXBuildFile; fileRef = 1000001D /* NatsTokenRefreshTask.swift */; };
		0000001E /* NatsSetupViewModel.swift in Sources */ = {isa = PBXBuildFile; fileRef = 1000001E /* NatsSetupViewModel.swift */; };
		0000001F /* NatsConnectionStatusView.swift in Sources */ = {isa = PBXBuildFile; fileRef = 1000001F /* NatsConnectionStatusView.swift */; };
		00000020 /* VaultEventClient.swift in Sources */ = {isa = PBXBuildFile; fileRef = 10000020 /* VaultEventClient.swift */; };
		00000021 /* VaultResponseHandler.swift in Sources */ = {isa = PBXBuildFile; fileRef = 10000021 /* VaultResponseHandler.swift */; };
		00000022 /* VaultHealthViewModel.swift in Sources */ = {isa = PBXBuildFile; fileRef = 10000022 /* VaultHealthViewModel.swift */; };
		00000023 /* VaultHealthView.swift in Sources */ = {isa = PBXBuildFile; fileRef = 10000023 /* VaultHealthView.swift */; };
		00000024 /* HandlerDiscoveryViewModel.swift in Sources */ = {isa = PBXBuildFile; fileRef = 10000024 /* HandlerDiscoveryViewModel.swift */; };
		00000025 /* HandlerDiscoveryView.swift in Sources */ = {isa = PBXBuildFile; fileRef = 10000025 /* HandlerDiscoveryView.swift */; };
		00000026 /* HandlerDetailViewModel.swift in Sources */ = {isa = PBXBuildFile; fileRef = 10000026 /* HandlerDetailViewModel.swift */; };
		00000027 /* HandlerDetailView.swift in Sources */ = {isa = PBXBuildFile; fileRef = 10000027 /* HandlerDetailView.swift */; };
		00000028 /* HandlerExecutionViewModel.swift in Sources */ = {isa = PBXBuildFile; fileRef = 10000028 /* HandlerExecutionViewModel.swift */; };
		00000029 /* HandlerExecutionView.swift in Sources */ = {isa = PBXBuildFile; fileRef = 10000029 /* HandlerExecutionView.swift */; };
		0000002A /* Connection.swift in Sources */ = {isa = PBXBuildFile; fileRef = 1000002A /* Connection.swift */; };
		0000002B /* Message.swift in Sources */ = {isa = PBXBuildFile; fileRef = 1000002B /* Message.swift */; };
		0000002C /* Profile.swift in Sources */ = {isa = PBXBuildFile; fileRef = 1000002C /* Profile.swift */; };
		0000002D /* ConnectionCryptoManager.swift in Sources */ = {isa = PBXBuildFile; fileRef = 1000002D /* ConnectionCryptoManager.swift */; };
		0000002E /* QRCodeView.swift in Sources */ = {isa = PBXBuildFile; fileRef = 1000002E /* QRCodeView.swift */; };
		0000002F /* QRCodeScannerView.swift in Sources */ = {isa = PBXBuildFile; fileRef = 1000002F /* QRCodeScannerView.swift */; };
		00000030 /* CreateInvitationViewModel.swift in Sources */ = {isa = PBXBuildFile; fileRef = 10000030 /* CreateInvitationViewModel.swift */; };
		00000031 /* CreateInvitationView.swift in Sources */ = {isa = PBXBuildFile; fileRef = 10000031 /* CreateInvitationView.swift */; };
		00000032 /* ScanInvitationViewModel.swift in Sources */ = {isa = PBXBuildFile; fileRef = 10000032 /* ScanInvitationViewModel.swift */; };
		00000033 /* ScanInvitationView.swift in Sources */ = {isa = PBXBuildFile; fileRef = 10000033 /* ScanInvitationView.swift */; };
		00000034 /* ConnectionsViewModel.swift in Sources */ = {isa = PBXBuildFile; fileRef = 10000034 /* ConnectionsViewModel.swift */; };
		00000035 /* ConnectionsListView.swift in Sources */ = {isa = PBXBuildFile; fileRef = 10000035 /* ConnectionsListView.swift */; };
		00000036 /* ConnectionDetailViewModel.swift in Sources */ = {isa = PBXBuildFile; fileRef = 10000036 /* ConnectionDetailViewModel.swift */; };
		00000037 /* ConnectionDetailView.swift in Sources */ = {isa = PBXBuildFile; fileRef = 10000037 /* ConnectionDetailView.swift */; };
		00000038 /* ProfileViewModel.swift in Sources */ = {isa = PBXBuildFile; fileRef = 10000038 /* ProfileViewModel.swift */; };
		00000039 /* ProfileView.swift in Sources */ = {isa = PBXBuildFile; fileRef = 10000039 /* ProfileView.swift */; };
		0000003A /* EditProfileView.swift in Sources */ = {isa = PBXBuildFile; fileRef = 1000003A /* EditProfileView.swift */; };
		0000003B /* ConversationViewModel.swift in Sources */ = {isa = PBXBuildFile; fileRef = 1000003B /* ConversationViewModel.swift */; };
		0000003C /* ConversationView.swift in Sources */ = {isa = PBXBuildFile; fileRef = 1000003C /* ConversationView.swift */; };
		0000003D /* MessageSubscriber.swift in Sources */ = {isa = PBXBuildFile; fileRef = 1000003D /* MessageSubscriber.swift */; };
		0000003E /* Backup.swift in Sources */ = {isa = PBXBuildFile; fileRef = 1000003E /* Backup.swift */; };
		0000003F /* BIP39WordList.swift in Sources */ = {isa = PBXBuildFile; fileRef = 1000003F /* BIP39WordList.swift */; };
		00000040 /* RecoveryPhraseManager.swift in Sources */ = {isa = PBXBuildFile; fileRef = 10000040 /* RecoveryPhraseManager.swift */; };
		00000041 /* BackupListViewModel.swift in Sources */ = {isa = PBXBuildFile; fileRef = 10000041 /* BackupListViewModel.swift */; };
		00000042 /* BackupListView.swift in Sources */ = {isa = PBXBuildFile; fileRef = 10000042 /* BackupListView.swift */; };
		00000043 /* BackupDetailViewModel.swift in Sources */ = {isa = PBXBuildFile; fileRef = 10000043 /* BackupDetailViewModel.swift */; };
		00000044 /* BackupDetailView.swift in Sources */ = {isa = PBXBuildFile; fileRef = 10000044 /* BackupDetailView.swift */; };
		00000045 /* BackupSettingsViewModel.swift in Sources */ = {isa = PBXBuildFile; fileRef = 10000045 /* BackupSettingsViewModel.swift */; };
		00000046 /* BackupSettingsView.swift in Sources */ = {isa = PBXBuildFile; fileRef = 10000046 /* BackupSettingsView.swift */; };
		00000047 /* CredentialBackupViewModel.swift in Sources */ = {isa = PBXBuildFile; fileRef = 10000047 /* CredentialBackupViewModel.swift */; };
		00000048 /* CredentialBackupView.swift in Sources */ = {isa = PBXBuildFile; fileRef = 10000048 /* CredentialBackupView.swift */; };
		00000049 /* CredentialRecoveryViewModel.swift in Sources */ = {isa = PBXBuildFile; fileRef = 10000049 /* CredentialRecoveryViewModel.swift */; };
		0000004A /* CredentialRecoveryView.swift in Sources */ = {isa = PBXBuildFile; fileRef = 1000004A /* CredentialRecoveryView.swift */; };
		0000004B /* BackupBackgroundTask.swift in Sources */ = {isa = PBXBuildFile; fileRef = 1000004B /* BackupBackgroundTask.swift */; };
		0000004C /* RuntimeProtection.swift in Sources */ = {isa = PBXBuildFile; fileRef = 1000004C /* RuntimeProtection.swift */; };
		0000004D /* SecureMemory.swift in Sources */ = {isa = PBXBuildFile; fileRef = 1000004D /* SecureMemory.swift */; };
		0000004E /* CertificatePinning.swift in Sources */ = {isa = PBXBuildFile; fileRef = 1000004E /* CertificatePinning.swift */; };
		0000004F /* RequestSigning.swift in Sources */ = {isa = PBXBuildFile; fileRef = 1000004F /* RequestSigning.swift */; };
		00000050 /* SecurePasteboard.swift in Sources */ = {isa = PBXBuildFile; fileRef = 10000050 /* SecurePasteboard.swift */; };
		00000051 /* ScreenProtection.swift in Sources */ = {isa = PBXBuildFile; fileRef = 10000051 /* ScreenProtection.swift */; };
		00000052 /* ProfileStore.swift in Sources */ = {isa = PBXBuildFile; fileRef = 10000052 /* ProfileStore.swift */; };
		00000053 /* SecretsStore.swift in Sources */ = {isa = PBXBuildFile; fileRef = 10000053 /* SecretsStore.swift */; };
		0070F8E8A708ED9903FFDB28 /* ProfileHandler.swift in Sources */ = {isa = PBXBuildFile; fileRef = A802F262C8E724624EE83387 /* ProfileHandler.swift */; };
		0A8A714766B1CBF27A4F71D7 /* ConnectionTypesTests.swift in Sources */ = {isa = PBXBuildFile; fileRef = 1D394BF5857A8C321E286295 /* ConnectionTypesTests.swift */; };
		0CB7F637A987C6A46022474E /* PasswordHasherTests.swift in Sources */ = {isa = PBXBuildFile; fileRef = 9F6BD7EF25140C61B7085558 /* PasswordHasherTests.swift */; };
		12AC6B6A5207336BD3912200 /* ThemeSettingsView.swift in Sources */ = {isa = PBXBuildFile; fileRef = BA573762F5B324146F857357 /* ThemeSettingsView.swift */; };
		18C5D633D920711DA38E2063 /* CredentialsHandlerTests.swift in Sources */ = {isa = PBXBuildFile; fileRef = 44150EB12110B89318BB186E /* CredentialsHandlerTests.swift */; };
		1A3B380AA57E9D3E5F083B4A /* SecureKeyStoreTests.swift in Sources */ = {isa = PBXBuildFile; fileRef = 003A6313C942B5D9E98B959D /* SecureKeyStoreTests.swift */; };
		1EAC19EF056BA34609877523 /* ArchiveView.swift in Sources */ = {isa = PBXBuildFile; fileRef = 7A4A6BF4B7E19B38EDEF31AC /* ArchiveView.swift */; };
		3378B15F29C4D1B5D31EAEAB /* CryptoManagerTests.swift in Sources */ = {isa = PBXBuildFile; fileRef = 4F7146B25BADFE6EBCFBC681 /* CryptoManagerTests.swift */; };
		3C5A3DA38E4A1DDE8F4639C4 /* AboutView.swift in Sources */ = {isa = PBXBuildFile; fileRef = 2B2D6CF42AD511A65BF8DC12 /* AboutView.swift */; };
		3C81DCE733F08D269B3B88F3 /* Foundation.framework in Frameworks */ = {isa = PBXBuildFile; fileRef = D1AC5C563F3D0443156417C0 /* Foundation.framework */; };
		3F35449FD0789E400C52EE54 /* AppLockView.swift in Sources */ = {isa = PBXBuildFile; fileRef = D6F772E105DCC21AF1751DE5 /* AppLockView.swift */; };
		498D7D66D5911F127DD808FF /* ManageVaultView.swift in Sources */ = {isa = PBXBuildFile; fileRef = A2F5A0DDB43ADCF6557660BF /* ManageVaultView.swift */; };
		4F867A959C49C7208A76ED50 /* DeepLinkHandler.swift in Sources */ = {isa = PBXBuildFile; fileRef = B800E13B79F1C90797B3209D /* DeepLinkHandler.swift */; };
		54AE200B5260828DFDDF54CF /* ConnectionHandler.swift in Sources */ = {isa = PBXBuildFile; fileRef = 1AA0D8823160098FDD1BEDED /* ConnectionHandler.swift */; };
		5F70C41EB8B0D5E3945DE3D0 /* VaultServicesStatusView.swift in Sources */ = {isa = PBXBuildFile; fileRef = 8D5FE09BE33592D0D0F1EB3F /* VaultServicesStatusView.swift */; };
		615FE23B95C6133464EE1F14 /* ExpectedPCRStore.swift in Sources */ = {isa = PBXBuildFile; fileRef = 2508C629676886E946486AC6 /* ExpectedPCRStore.swift */; };
		6372EBD57830A0ABB43521E5 /* expected_pcrs.json in Resources */ = {isa = PBXBuildFile; fileRef = B6B8DC6D217039260AC73583 /* expected_pcrs.json */; };
		6AAF4B7C9510C0DBDC732FD9 /* SecretsViewModel.swift in Sources */ = {isa = PBXBuildFile; fileRef = CAF3A0B1092FFB0A652C013F /* SecretsViewModel.swift */; };
		6CC132C1046013D66F2D65EE /* MessageHandlerTests.swift in Sources */ = {isa = PBXBuildFile; fileRef = 93AE3AEAA330B2DBA8C07A78 /* MessageHandlerTests.swift */; };
		7760EC0B29FE0CD3C39CE26D /* ConnectionHandlerTests.swift in Sources */ = {isa = PBXBuildFile; fileRef = C78640951FD7268FE0322F1F /* ConnectionHandlerTests.swift */; };
		7B46109C39D7AEF81970BD2E /* VaultUITests.swift in Sources */ = {isa = PBXBuildFile; fileRef = 52ED012C5B1263AAF3FB77A3 /* VaultUITests.swift */; };
		7B9473E326FABF243ED653A4 /* Foundation.framework in Frameworks */ = {isa = PBXBuildFile; fileRef = D1AC5C563F3D0443156417C0 /* Foundation.framework */; };
		7D06B931B0E2103C0BF5F1B5 /* NitroAttestationVerifier.swift in Sources */ = {isa = PBXBuildFile; fileRef = 80D6C81AAEA975F5D4A6FD84 /* NitroAttestationVerifier.swift */; };
		80F6BFC53747CE4F25B27771 /* PCRUpdateService.swift in Sources */ = {isa = PBXBuildFile; fileRef = 8AEF55837C33201737405887 /* PCRUpdateService.swift */; };
		8137D39ECE65372610A42979 /* PersonalDataView.swift in Sources */ = {isa = PBXBuildFile; fileRef = 498392EDCF906E22833BD876 /* PersonalDataView.swift */; };
		824239CA1C86ECBB99591287 /* FeedEvent.swift in Sources */ = {isa = PBXBuildFile; fileRef = 93A86BE60A75794075747370 /* FeedEvent.swift */; };
		84A8E45EB70FA3689B501714 /* PersonalData.swift in Sources */ = {isa = PBXBuildFile; fileRef = DE89C420DEC861CD3FA91B92 /* PersonalData.swift */; };
		8C9CBF9173DD16DF29F45476 /* SecretsView.swift in Sources */ = {isa = PBXBuildFile; fileRef = 7AF9A63734413646BB7E375A /* SecretsView.swift */; };
		8E218CCA8B5EBA2C3E3F16C1 /* ProfileHandlerTests.swift in Sources */ = {isa = PBXBuildFile; fileRef = 8AD4667BD8AA73E54DC3A24A /* ProfileHandlerTests.swift */; };
		98DD4E5D5DC4F6A70092712E /* SecretsHandler.swift in Sources */ = {isa = PBXBuildFile; fileRef = EEA2A69DEB72B748BED4DA14 /* SecretsHandler.swift */; };
		A1B2C3D4E5F6000000000000 /* AuthenticationViewModelTests.swift in Sources */ = {isa = PBXBuildFile; fileRef = 75A250C49286C1469599CD45 /* AuthenticationViewModelTests.swift */; };
		A1B2C3D4E5F6000000000001 /* BackupListViewModelTests.swift in Sources */ = {isa = PBXBuildFile; fileRef = 183C19DE1EB7BD6FCF2BFE78 /* BackupListViewModelTests.swift */; };
		A1B2C3D4E5F6000000000002 /* BackupSettingsViewModelTests.swift in Sources */ = {isa = PBXBuildFile; fileRef = F6098637FDCF71146C63D9FD /* BackupSettingsViewModelTests.swift */; };
		A1B2C3D4E5F6000000000003 /* ConnectionsViewModelTests.swift in Sources */ = {isa = PBXBuildFile; fileRef = A76C59FC4B0D65040C1B3BC2 /* ConnectionsViewModelTests.swift */; };
		A1B2C3D4E5F6000000000004 /* ConversationViewModelTests.swift in Sources */ = {isa = PBXBuildFile; fileRef = CE35CF9350F1D477CC634FD3 /* ConversationViewModelTests.swift */; };
		A1B2C3D4E5F6000000000005 /* CreateInvitationViewModelTests.swift in Sources */ = {isa = PBXBuildFile; fileRef = A9907E4ADEC32ED97F95D4E9 /* CreateInvitationViewModelTests.swift */; };
		A1B2C3D4E5F6000000000006 /* CredentialBackupViewModelTests.swift in Sources */ = {isa = PBXBuildFile; fileRef = 36F1AE6EAA7223ED50E8D5AA /* CredentialBackupViewModelTests.swift */; };
		A1B2C3D4E5F6000000000007 /* CredentialRecoveryViewModelTests.swift in Sources */ = {isa = PBXBuildFile; fileRef = A665970E0AD5C8D20494FF33 /* CredentialRecoveryViewModelTests.swift */; };
		A1B2C3D4E5F6000000000008 /* EnrollmentViewModelTests.swift in Sources */ = {isa = PBXBuildFile; fileRef = F2BE3C5AC6A5049A191F87E5 /* EnrollmentViewModelTests.swift */; };
		A1B2C3D4E5F6000000000009 /* HandlerDetailViewModelTests.swift in Sources */ = {isa = PBXBuildFile; fileRef = 8E5E94284D11741CB902B343 /* HandlerDetailViewModelTests.swift */; };
		A1B2C3D4E5F6000000000010 /* HandlerDiscoveryViewModelTests.swift in Sources */ = {isa = PBXBuildFile; fileRef = 7A833E0C94158CB685965731 /* HandlerDiscoveryViewModelTests.swift */; };
		A1B2C3D4E5F6000000000011 /* HandlerExecutionViewModelTests.swift in Sources */ = {isa = PBXBuildFile; fileRef = D685CF6E261D5A6229A01CB1 /* HandlerExecutionViewModelTests.swift */; };
		A1B2C3D4E5F6000000000012 /* NatsConnectionManagerTests.swift in Sources */ = {isa = PBXBuildFile; fileRef = 595F692C8F113D4CAC0F9D2D /* NatsConnectionManagerTests.swift */; };
		A1B2C3D4E5F6000000000013 /* ProfileViewModelTests.swift in Sources */ = {isa = PBXBuildFile; fileRef = 7543D8BF043373D3E739796C /* ProfileViewModelTests.swift */; };
		A1B2C3D4E5F6000000000014 /* RecoveryPhraseManagerTests.swift in Sources */ = {isa = PBXBuildFile; fileRef = B3ED9102CCC521BCDFD9ED8B /* RecoveryPhraseManagerTests.swift */; };
		A1B2C3D4E5F6000000000015 /* ScanInvitationViewModelTests.swift in Sources */ = {isa = PBXBuildFile; fileRef = C262C514B475C866052AA47B /* ScanInvitationViewModelTests.swift */; };
		A1B2C3D4E5F6000000000016 /* VaultEventClientTests.swift in Sources */ = {isa = PBXBuildFile; fileRef = 04A2A45B0C799F07F7949F6A /* VaultEventClientTests.swift */; };
		A1B2C3D4E5F6000000000017 /* VaultHealthViewModelTests.swift in Sources */ = {isa = PBXBuildFile; fileRef = 2D96D6532F41DCB812C7BB39 /* VaultHealthViewModelTests.swift */; };
		A1B2C3D4E5F6000000000018 /* VaultStatusViewModelTests.swift in Sources */ = {isa = PBXBuildFile; fileRef = AC46F847CA8B124F9FE8E970 /* VaultStatusViewModelTests.swift */; };
		A47C934A93232A54987BCB2D /* PersonalDataViewModel.swift in Sources */ = {isa = PBXBuildFile; fileRef = 208B738362A4D7A093432F99 /* PersonalDataViewModel.swift */; };
		A5834109528CE39E4F82E414 /* SecuritySettingsView.swift in Sources */ = {isa = PBXBuildFile; fileRef = 48B355FF5FC2FE9E7899E6EB /* SecuritySettingsView.swift */; };
		A62391E4CF05D59BEBA013D4 /* Secret.swift in Sources */ = {isa = PBXBuildFile; fileRef = 688F0CE3AE28533DD0235DF8 /* Secret.swift */; };
		B0654E219C2D593B6A9355A0 /* HeaderView.swift in Sources */ = {isa = PBXBuildFile; fileRef = B5B59320799245103D92C504 /* HeaderView.swift */; };
		B3E5CB8C4570BFB1322A0082 /* BackupTypesTests.swift in Sources */ = {isa = PBXBuildFile; fileRef = 3A2DC213E62E9E578E40588F /* BackupTypesTests.swift */; };
		B42DFE54DFC64BD92494BE34 /* HandlerTypesTests.swift in Sources */ = {isa = PBXBuildFile; fileRef = CD26F7972848FCE5C4EE6520 /* HandlerTypesTests.swift */; };
		C0ACE721614C9896C8C7F46C /* ApiSecurity.swift in Sources */ = {isa = PBXBuildFile; fileRef = 7AFABA11945E99D1E175383D /* ApiSecurity.swift */; };
		C23FB626255421D48B1E705E /* VettIDUITests.swift in Sources */ = {isa = PBXBuildFile; fileRef = FC77A44439FC6A4671047F51 /* VettIDUITests.swift */; };
		C2864EC95B4B060ACE9D9C58 /* AuthenticationUITests.swift in Sources */ = {isa = PBXBuildFile; fileRef = 3A1F747E77CDE5E01425BE6B /* AuthenticationUITests.swift */; };
		C343F7B83B7C091123598F3D /* AppLockService.swift in Sources */ = {isa = PBXBuildFile; fileRef = AA6F4E8A08AC05BC1E9981C6 /* AppLockService.swift */; };
		CA86CA36D9E993B236ED44E6 /* ContextualBottomNav.swift in Sources */ = {isa = PBXBuildFile; fileRef = 0E26681EB4F44673283A603D /* ContextualBottomNav.swift */; };
		CBB42EE77AAC0795CA3EE203 /* EncryptedEnvelope.swift in Sources */ = {isa = PBXBuildFile; fileRef = AEBBB6DA11AE9704FF891A7F /* EncryptedEnvelope.swift */; };
		CDBBDBFDD83502117D46C4C1 /* AppSettings.swift in Sources */ = {isa = PBXBuildFile; fileRef = A1D6D6E4F90B7A138F25B696 /* AppSettings.swift */; };
		D302C18A23D884DD51D9F532 /* FeedViewModel.swift in Sources */ = {isa = PBXBuildFile; fileRef = DDAE474EE81CD7EDDE12ABF5 /* FeedViewModel.swift */; };
		D9455BC5C73EC21C76E5D6DE /* NatsCredentialsTests.swift in Sources */ = {isa = PBXBuildFile; fileRef = 7C0030C9EAAF02A570641C21 /* NatsCredentialsTests.swift */; };
		DBFEF468FD6CAD145C6CDE3B /* MainNavigationView.swift in Sources */ = {isa = PBXBuildFile; fileRef = DEA5BE7707CCFC71CBA871B7 /* MainNavigationView.swift */; };
		DF3E299D763958D6155FB562 /* SessionKeyManager.swift in Sources */ = {isa = PBXBuildFile; fileRef = 36891E6A55D69502EF90D4CB /* SessionKeyManager.swift */; };
		E0856AA3F832860B0D0EC949 /* FeedView.swift in Sources */ = {isa = PBXBuildFile; fileRef = A55B8A854B6DF21A3197B1A0 /* FeedView.swift */; };
		E574A910E9A5E480714F16C3 /* SecretsHandlerTests.swift in Sources */ = {isa = PBXBuildFile; fileRef = 1A1D138C4F8D39751D20BE46 /* SecretsHandlerTests.swift */; };
		EBA8CC5E3DAC52A8A2738BFE /* DrawerView.swift in Sources */ = {isa = PBXBuildFile; fileRef = 157809425BFB22E6896C0225 /* DrawerView.swift */; };
		ED4716F6467662F7F601AC64 /* SecurityTests.swift in Sources */ = {isa = PBXBuildFile; fileRef = 1B6DD5A0C4647D925FCE5B7D /* SecurityTests.swift */; };
		F0E73DBD6B3F29E1CB096093 /* MessageHandler.swift in Sources */ = {isa = PBXBuildFile; fileRef = 2890018C4BA02E8E472C8A62 /* MessageHandler.swift */; };
		F602E4DC3720696C53E18F93 /* CredentialsHandler.swift in Sources */ = {isa = PBXBuildFile; fileRef = 131DE8422D0A3B6CE2B321DB /* CredentialsHandler.swift */; };
		F602E4DC3720696C53E18F94 /* CredentialRotationHandler.swift in Sources */ = {isa = PBXBuildFile; fileRef = 131DE8422D0A3B6CE2B321DC /* CredentialRotationHandler.swift */; };
		FC3D5A2B37C468B12B42145D /* VaultResponseHandlerTests.swift in Sources */ = {isa = PBXBuildFile; fileRef = E83815BD60753356B2025839 /* VaultResponseHandlerTests.swift */; };
		FDA99EEB7505FD7031F2B26C /* EnrollmentUITests.swift in Sources */ = {isa = PBXBuildFile; fileRef = 38A823EDB04F986924B6CC2D /* EnrollmentUITests.swift */; };
		FFEC75DD850E79B5ED665914 /* VaultPreferencesView.swift in Sources */ = {isa = PBXBuildFile; fileRef = 8285A14EAFF8FCF54C60C6E2 /* VaultPreferencesView.swift */; };
/* End PBXBuildFile section */

/* Begin PBXContainerItemProxy section */
		8D9F9FE7810A924BE053BF56 /* PBXContainerItemProxy */ = {
			isa = PBXContainerItemProxy;
			containerPortal = 70000001 /* Project object */;
			proxyType = 1;
			remoteGlobalIDString = 50000001;
			remoteInfo = VettID;
		};
		E167CBA31844C93656CC413D /* PBXContainerItemProxy */ = {
			isa = PBXContainerItemProxy;
			containerPortal = 70000001 /* Project object */;
			proxyType = 1;
			remoteGlobalIDString = 50000001;
			remoteInfo = VettID;
		};
/* End PBXContainerItemProxy section */

/* Begin PBXFileReference section */
		003A6313C942B5D9E98B959D /* SecureKeyStoreTests.swift */ = {isa = PBXFileReference; includeInIndex = 1; lastKnownFileType = sourcecode.swift; path = SecureKeyStoreTests.swift; sourceTree = "<group>"; };
		04A2A45B0C799F07F7949F6A /* VaultEventClientTests.swift */ = {isa = PBXFileReference; includeInIndex = 1; lastKnownFileType = sourcecode.swift; path = VaultEventClientTests.swift; sourceTree = "<group>"; };
		0E26681EB4F44673283A603D /* ContextualBottomNav.swift */ = {isa = PBXFileReference; includeInIndex = 1; lastKnownFileType = sourcecode.swift; path = ContextualBottomNav.swift; sourceTree = "<group>"; };
		10000001 /* VettIDApp.swift */ = {isa = PBXFileReference; lastKnownFileType = sourcecode.swift; path = VettIDApp.swift; sourceTree = "<group>"; };
		10000002 /* ContentView.swift */ = {isa = PBXFileReference; lastKnownFileType = sourcecode.swift; path = ContentView.swift; sourceTree = "<group>"; };
		10000003 /* CryptoManager.swift */ = {isa = PBXFileReference; lastKnownFileType = sourcecode.swift; path = CryptoManager.swift; sourceTree = "<group>"; };
		10000004 /* CredentialStore.swift */ = {isa = PBXFileReference; lastKnownFileType = sourcecode.swift; path = CredentialStore.swift; sourceTree = "<group>"; };
		10000005 /* SecureKeyStore.swift */ = {isa = PBXFileReference; lastKnownFileType = sourcecode.swift; path = SecureKeyStore.swift; sourceTree = "<group>"; };
		10000006 /* APIClient.swift */ = {isa = PBXFileReference; lastKnownFileType = sourcecode.swift; path = APIClient.swift; sourceTree = "<group>"; };
		10000007 /* AttestationManager.swift */ = {isa = PBXFileReference; lastKnownFileType = sourcecode.swift; path = AttestationManager.swift; sourceTree = "<group>"; };
		10000008 /* EnrollmentService.swift */ = {isa = PBXFileReference; lastKnownFileType = sourcecode.swift; path = EnrollmentService.swift; sourceTree = "<group>"; };
		10000009 /* QRScannerView.swift */ = {isa = PBXFileReference; lastKnownFileType = sourcecode.swift; path = QRScannerView.swift; sourceTree = "<group>"; };
		1000000A /* BiometricAuthService.swift */ = {isa = PBXFileReference; lastKnownFileType = sourcecode.swift; path = BiometricAuthService.swift; sourceTree = "<group>"; };
		1000000B /* VaultService.swift */ = {isa = PBXFileReference; lastKnownFileType = sourcecode.swift; path = VaultService.swift; sourceTree = "<group>"; };
		1000000C /* Assets.xcassets */ = {isa = PBXFileReference; lastKnownFileType = folder.assetcatalog; path = Assets.xcassets; sourceTree = "<group>"; };
		1000000D /* Info.plist */ = {isa = PBXFileReference; lastKnownFileType = text.plist.xml; path = Info.plist; sourceTree = "<group>"; };
		1000000E /* PasswordHasher.swift */ = {isa = PBXFileReference; lastKnownFileType = sourcecode.swift; path = PasswordHasher.swift; sourceTree = "<group>"; };
		1000000F /* AuthenticationService.swift */ = {isa = PBXFileReference; lastKnownFileType = sourcecode.swift; path = AuthenticationService.swift; sourceTree = "<group>"; };
		10000010 /* EnrollmentViewModel.swift */ = {isa = PBXFileReference; lastKnownFileType = sourcecode.swift; path = EnrollmentViewModel.swift; sourceTree = "<group>"; };
		10000011 /* PasswordSetupView.swift */ = {isa = PBXFileReference; lastKnownFileType = sourcecode.swift; path = PasswordSetupView.swift; sourceTree = "<group>"; };
		10000012 /* AttestationView.swift */ = {isa = PBXFileReference; lastKnownFileType = sourcecode.swift; path = AttestationView.swift; sourceTree = "<group>"; };
		10000013 /* EnrollmentCompleteView.swift */ = {isa = PBXFileReference; lastKnownFileType = sourcecode.swift; path = EnrollmentCompleteView.swift; sourceTree = "<group>"; };
		10000014 /* AuthenticationViewModel.swift */ = {isa = PBXFileReference; lastKnownFileType = sourcecode.swift; path = AuthenticationViewModel.swift; sourceTree = "<group>"; };
		10000015 /* AuthenticationContainerView.swift */ = {isa = PBXFileReference; lastKnownFileType = sourcecode.swift; path = AuthenticationContainerView.swift; sourceTree = "<group>"; };
		10000016 /* VaultStatusViewModel.swift */ = {isa = PBXFileReference; lastKnownFileType = sourcecode.swift; path = VaultStatusViewModel.swift; sourceTree = "<group>"; };
		10000017 /* VaultStatusView.swift */ = {isa = PBXFileReference; lastKnownFileType = sourcecode.swift; path = VaultStatusView.swift; sourceTree = "<group>"; };
		10000018 /* VaultBackgroundRefresh.swift */ = {isa = PBXFileReference; lastKnownFileType = sourcecode.swift; path = VaultBackgroundRefresh.swift; sourceTree = "<group>"; };
		10000019 /* NatsCredentials.swift */ = {isa = PBXFileReference; lastKnownFileType = sourcecode.swift; path = NatsCredentials.swift; sourceTree = "<group>"; };
		1000001A /* NatsCredentialStore.swift */ = {isa = PBXFileReference; lastKnownFileType = sourcecode.swift; path = NatsCredentialStore.swift; sourceTree = "<group>"; };
		1000001B /* NatsConnectionManager.swift */ = {isa = PBXFileReference; lastKnownFileType = sourcecode.swift; path = NatsConnectionManager.swift; sourceTree = "<group>"; };
		1000001C /* OwnerSpaceClient.swift */ = {isa = PBXFileReference; lastKnownFileType = sourcecode.swift; path = OwnerSpaceClient.swift; sourceTree = "<group>"; };
		1000001D /* NatsTokenRefreshTask.swift */ = {isa = PBXFileReference; lastKnownFileType = sourcecode.swift; path = NatsTokenRefreshTask.swift; sourceTree = "<group>"; };
		1000001E /* NatsSetupViewModel.swift */ = {isa = PBXFileReference; lastKnownFileType = sourcecode.swift; path = NatsSetupViewModel.swift; sourceTree = "<group>"; };
		1000001F /* NatsConnectionStatusView.swift */ = {isa = PBXFileReference; lastKnownFileType = sourcecode.swift; path = NatsConnectionStatusView.swift; sourceTree = "<group>"; };
		10000020 /* VaultEventClient.swift */ = {isa = PBXFileReference; lastKnownFileType = sourcecode.swift; path = VaultEventClient.swift; sourceTree = "<group>"; };
		10000021 /* VaultResponseHandler.swift */ = {isa = PBXFileReference; lastKnownFileType = sourcecode.swift; path = VaultResponseHandler.swift; sourceTree = "<group>"; };
		10000022 /* VaultHealthViewModel.swift */ = {isa = PBXFileReference; lastKnownFileType = sourcecode.swift; path = VaultHealthViewModel.swift; sourceTree = "<group>"; };
		10000023 /* VaultHealthView.swift */ = {isa = PBXFileReference; lastKnownFileType = sourcecode.swift; path = VaultHealthView.swift; sourceTree = "<group>"; };
		10000024 /* HandlerDiscoveryViewModel.swift */ = {isa = PBXFileReference; lastKnownFileType = sourcecode.swift; path = HandlerDiscoveryViewModel.swift; sourceTree = "<group>"; };
		10000025 /* HandlerDiscoveryView.swift */ = {isa = PBXFileReference; lastKnownFileType = sourcecode.swift; path = HandlerDiscoveryView.swift; sourceTree = "<group>"; };
		10000026 /* HandlerDetailViewModel.swift */ = {isa = PBXFileReference; lastKnownFileType = sourcecode.swift; path = HandlerDetailViewModel.swift; sourceTree = "<group>"; };
		10000027 /* HandlerDetailView.swift */ = {isa = PBXFileReference; lastKnownFileType = sourcecode.swift; path = HandlerDetailView.swift; sourceTree = "<group>"; };
		10000028 /* HandlerExecutionViewModel.swift */ = {isa = PBXFileReference; lastKnownFileType = sourcecode.swift; path = HandlerExecutionViewModel.swift; sourceTree = "<group>"; };
		10000029 /* HandlerExecutionView.swift */ = {isa = PBXFileReference; lastKnownFileType = sourcecode.swift; path = HandlerExecutionView.swift; sourceTree = "<group>"; };
		1000002A /* Connection.swift */ = {isa = PBXFileReference; lastKnownFileType = sourcecode.swift; path = Connection.swift; sourceTree = "<group>"; };
		1000002B /* Message.swift */ = {isa = PBXFileReference; lastKnownFileType = sourcecode.swift; path = Message.swift; sourceTree = "<group>"; };
		1000002C /* Profile.swift */ = {isa = PBXFileReference; lastKnownFileType = sourcecode.swift; path = Profile.swift; sourceTree = "<group>"; };
		1000002D /* ConnectionCryptoManager.swift */ = {isa = PBXFileReference; lastKnownFileType = sourcecode.swift; path = ConnectionCryptoManager.swift; sourceTree = "<group>"; };
		1000002E /* QRCodeView.swift */ = {isa = PBXFileReference; lastKnownFileType = sourcecode.swift; path = QRCodeView.swift; sourceTree = "<group>"; };
		1000002F /* QRCodeScannerView.swift */ = {isa = PBXFileReference; lastKnownFileType = sourcecode.swift; path = QRCodeScannerView.swift; sourceTree = "<group>"; };
		10000030 /* CreateInvitationViewModel.swift */ = {isa = PBXFileReference; lastKnownFileType = sourcecode.swift; path = CreateInvitationViewModel.swift; sourceTree = "<group>"; };
		10000031 /* CreateInvitationView.swift */ = {isa = PBXFileReference; lastKnownFileType = sourcecode.swift; path = CreateInvitationView.swift; sourceTree = "<group>"; };
		10000032 /* ScanInvitationViewModel.swift */ = {isa = PBXFileReference; lastKnownFileType = sourcecode.swift; path = ScanInvitationViewModel.swift; sourceTree = "<group>"; };
		10000033 /* ScanInvitationView.swift */ = {isa = PBXFileReference; lastKnownFileType = sourcecode.swift; path = ScanInvitationView.swift; sourceTree = "<group>"; };
		10000034 /* ConnectionsViewModel.swift */ = {isa = PBXFileReference; lastKnownFileType = sourcecode.swift; path = ConnectionsViewModel.swift; sourceTree = "<group>"; };
		10000035 /* ConnectionsListView.swift */ = {isa = PBXFileReference; lastKnownFileType = sourcecode.swift; path = ConnectionsListView.swift; sourceTree = "<group>"; };
		10000036 /* ConnectionDetailViewModel.swift */ = {isa = PBXFileReference; lastKnownFileType = sourcecode.swift; path = ConnectionDetailViewModel.swift; sourceTree = "<group>"; };
		10000037 /* ConnectionDetailView.swift */ = {isa = PBXFileReference; lastKnownFileType = sourcecode.swift; path = ConnectionDetailView.swift; sourceTree = "<group>"; };
		10000038 /* ProfileViewModel.swift */ = {isa = PBXFileReference; lastKnownFileType = sourcecode.swift; path = ProfileViewModel.swift; sourceTree = "<group>"; };
		10000039 /* ProfileView.swift */ = {isa = PBXFileReference; lastKnownFileType = sourcecode.swift; path = ProfileView.swift; sourceTree = "<group>"; };
		1000003A /* EditProfileView.swift */ = {isa = PBXFileReference; lastKnownFileType = sourcecode.swift; path = EditProfileView.swift; sourceTree = "<group>"; };
		1000003B /* ConversationViewModel.swift */ = {isa = PBXFileReference; lastKnownFileType = sourcecode.swift; path = ConversationViewModel.swift; sourceTree = "<group>"; };
		1000003C /* ConversationView.swift */ = {isa = PBXFileReference; lastKnownFileType = sourcecode.swift; path = ConversationView.swift; sourceTree = "<group>"; };
		1000003D /* MessageSubscriber.swift */ = {isa = PBXFileReference; lastKnownFileType = sourcecode.swift; path = MessageSubscriber.swift; sourceTree = "<group>"; };
		1000003E /* Backup.swift */ = {isa = PBXFileReference; lastKnownFileType = sourcecode.swift; path = Backup.swift; sourceTree = "<group>"; };
		1000003F /* BIP39WordList.swift */ = {isa = PBXFileReference; lastKnownFileType = sourcecode.swift; path = BIP39WordList.swift; sourceTree = "<group>"; };
		10000040 /* RecoveryPhraseManager.swift */ = {isa = PBXFileReference; lastKnownFileType = sourcecode.swift; path = RecoveryPhraseManager.swift; sourceTree = "<group>"; };
		10000041 /* BackupListViewModel.swift */ = {isa = PBXFileReference; lastKnownFileType = sourcecode.swift; path = BackupListViewModel.swift; sourceTree = "<group>"; };
		10000042 /* BackupListView.swift */ = {isa = PBXFileReference; lastKnownFileType = sourcecode.swift; path = BackupListView.swift; sourceTree = "<group>"; };
		10000043 /* BackupDetailViewModel.swift */ = {isa = PBXFileReference; lastKnownFileType = sourcecode.swift; path = BackupDetailViewModel.swift; sourceTree = "<group>"; };
		10000044 /* BackupDetailView.swift */ = {isa = PBXFileReference; lastKnownFileType = sourcecode.swift; path = BackupDetailView.swift; sourceTree = "<group>"; };
		10000045 /* BackupSettingsViewModel.swift */ = {isa = PBXFileReference; lastKnownFileType = sourcecode.swift; path = BackupSettingsViewModel.swift; sourceTree = "<group>"; };
		10000046 /* BackupSettingsView.swift */ = {isa = PBXFileReference; lastKnownFileType = sourcecode.swift; path = BackupSettingsView.swift; sourceTree = "<group>"; };
		10000047 /* CredentialBackupViewModel.swift */ = {isa = PBXFileReference; lastKnownFileType = sourcecode.swift; path = CredentialBackupViewModel.swift; sourceTree = "<group>"; };
		10000048 /* CredentialBackupView.swift */ = {isa = PBXFileReference; lastKnownFileType = sourcecode.swift; path = CredentialBackupView.swift; sourceTree = "<group>"; };
		10000049 /* CredentialRecoveryViewModel.swift */ = {isa = PBXFileReference; lastKnownFileType = sourcecode.swift; path = CredentialRecoveryViewModel.swift; sourceTree = "<group>"; };
		1000004A /* CredentialRecoveryView.swift */ = {isa = PBXFileReference; lastKnownFileType = sourcecode.swift; path = CredentialRecoveryView.swift; sourceTree = "<group>"; };
		1000004B /* BackupBackgroundTask.swift */ = {isa = PBXFileReference; lastKnownFileType = sourcecode.swift; path = BackupBackgroundTask.swift; sourceTree = "<group>"; };
		1000004C /* RuntimeProtection.swift */ = {isa = PBXFileReference; lastKnownFileType = sourcecode.swift; path = RuntimeProtection.swift; sourceTree = "<group>"; };
		1000004D /* SecureMemory.swift */ = {isa = PBXFileReference; lastKnownFileType = sourcecode.swift; path = SecureMemory.swift; sourceTree = "<group>"; };
		1000004E /* CertificatePinning.swift */ = {isa = PBXFileReference; lastKnownFileType = sourcecode.swift; path = CertificatePinning.swift; sourceTree = "<group>"; };
		1000004F /* RequestSigning.swift */ = {isa = PBXFileReference; lastKnownFileType = sourcecode.swift; path = RequestSigning.swift; sourceTree = "<group>"; };
		10000050 /* SecurePasteboard.swift */ = {isa = PBXFileReference; lastKnownFileType = sourcecode.swift; path = SecurePasteboard.swift; sourceTree = "<group>"; };
		10000051 /* ScreenProtection.swift */ = {isa = PBXFileReference; lastKnownFileType = sourcecode.swift; path = ScreenProtection.swift; sourceTree = "<group>"; };
		10000052 /* ProfileStore.swift */ = {isa = PBXFileReference; lastKnownFileType = sourcecode.swift; path = ProfileStore.swift; sourceTree = "<group>"; };
		10000053 /* SecretsStore.swift */ = {isa = PBXFileReference; lastKnownFileType = sourcecode.swift; path = SecretsStore.swift; sourceTree = "<group>"; };
		131DE8422D0A3B6CE2B321DB /* CredentialsHandler.swift */ = {isa = PBXFileReference; includeInIndex = 1; lastKnownFileType = sourcecode.swift; path = CredentialsHandler.swift; sourceTree = "<group>"; };
		131DE8422D0A3B6CE2B321DC /* CredentialRotationHandler.swift */ = {isa = PBXFileReference; includeInIndex = 1; lastKnownFileType = sourcecode.swift; path = CredentialRotationHandler.swift; sourceTree = "<group>"; };
		157809425BFB22E6896C0225 /* DrawerView.swift */ = {isa = PBXFileReference; includeInIndex = 1; lastKnownFileType = sourcecode.swift; path = DrawerView.swift; sourceTree = "<group>"; };
		183C19DE1EB7BD6FCF2BFE78 /* BackupListViewModelTests.swift */ = {isa = PBXFileReference; includeInIndex = 1; lastKnownFileType = sourcecode.swift; path = BackupListViewModelTests.swift; sourceTree = "<group>"; };
		1A1D138C4F8D39751D20BE46 /* SecretsHandlerTests.swift */ = {isa = PBXFileReference; includeInIndex = 1; lastKnownFileType = sourcecode.swift; path = SecretsHandlerTests.swift; sourceTree = "<group>"; };
		1AA0D8823160098FDD1BEDED /* ConnectionHandler.swift */ = {isa = PBXFileReference; includeInIndex = 1; lastKnownFileType = sourcecode.swift; path = ConnectionHandler.swift; sourceTree = "<group>"; };
		1B6DD5A0C4647D925FCE5B7D /* SecurityTests.swift */ = {isa = PBXFileReference; includeInIndex = 1; lastKnownFileType = sourcecode.swift; path = SecurityTests.swift; sourceTree = "<group>"; };
		1D394BF5857A8C321E286295 /* ConnectionTypesTests.swift */ = {isa = PBXFileReference; includeInIndex = 1; lastKnownFileType = sourcecode.swift; path = ConnectionTypesTests.swift; sourceTree = "<group>"; };
		20000001 /* VettID.app */ = {isa = PBXFileReference; explicitFileType = wrapper.application; includeInIndex = 0; path = VettID.app; sourceTree = BUILT_PRODUCTS_DIR; };
		208B738362A4D7A093432F99 /* PersonalDataViewModel.swift */ = {isa = PBXFileReference; includeInIndex = 1; lastKnownFileType = sourcecode.swift; path = PersonalDataViewModel.swift; sourceTree = "<group>"; };
		2508C629676886E946486AC6 /* ExpectedPCRStore.swift */ = {isa = PBXFileReference; includeInIndex = 1; lastKnownFileType = sourcecode.swift; name = ExpectedPCRStore.swift; path = ExpectedPCRStore.swift; sourceTree = "<group>"; };
		2890018C4BA02E8E472C8A62 /* MessageHandler.swift */ = {isa = PBXFileReference; includeInIndex = 1; lastKnownFileType = sourcecode.swift; path = MessageHandler.swift; sourceTree = "<group>"; };
		2B2D6CF42AD511A65BF8DC12 /* AboutView.swift */ = {isa = PBXFileReference; includeInIndex = 1; lastKnownFileType = sourcecode.swift; path = AboutView.swift; sourceTree = "<group>"; };
		2D96D6532F41DCB812C7BB39 /* VaultHealthViewModelTests.swift */ = {isa = PBXFileReference; includeInIndex = 1; lastKnownFileType = sourcecode.swift; path = VaultHealthViewModelTests.swift; sourceTree = "<group>"; };
		36891E6A55D69502EF90D4CB /* SessionKeyManager.swift */ = {isa = PBXFileReference; includeInIndex = 1; lastKnownFileType = sourcecode.swift; path = SessionKeyManager.swift; sourceTree = "<group>"; };
		36F1AE6EAA7223ED50E8D5AA /* CredentialBackupViewModelTests.swift */ = {isa = PBXFileReference; includeInIndex = 1; lastKnownFileType = sourcecode.swift; path = CredentialBackupViewModelTests.swift; sourceTree = "<group>"; };
		38A823EDB04F986924B6CC2D /* EnrollmentUITests.swift */ = {isa = PBXFileReference; includeInIndex = 1; lastKnownFileType = sourcecode.swift; path = EnrollmentUITests.swift; sourceTree = "<group>"; };
		392F1BEBBE9997250A75C74A /* VettID.entitlements */ = {isa = PBXFileReference; includeInIndex = 1; lastKnownFileType = text.plist.entitlements; path = VettID.entitlements; sourceTree = "<group>"; };
		3A1F747E77CDE5E01425BE6B /* AuthenticationUITests.swift */ = {isa = PBXFileReference; includeInIndex = 1; lastKnownFileType = sourcecode.swift; path = AuthenticationUITests.swift; sourceTree = "<group>"; };
		3A2DC213E62E9E578E40588F /* BackupTypesTests.swift */ = {isa = PBXFileReference; includeInIndex = 1; lastKnownFileType = sourcecode.swift; path = BackupTypesTests.swift; sourceTree = "<group>"; };
		44150EB12110B89318BB186E /* CredentialsHandlerTests.swift */ = {isa = PBXFileReference; includeInIndex = 1; lastKnownFileType = sourcecode.swift; path = CredentialsHandlerTests.swift; sourceTree = "<group>"; };
		48B355FF5FC2FE9E7899E6EB /* SecuritySettingsView.swift */ = {isa = PBXFileReference; includeInIndex = 1; lastKnownFileType = sourcecode.swift; path = SecuritySettingsView.swift; sourceTree = "<group>"; };
		498392EDCF906E22833BD876 /* PersonalDataView.swift */ = {isa = PBXFileReference; includeInIndex = 1; lastKnownFileType = sourcecode.swift; path = PersonalDataView.swift; sourceTree = "<group>"; };
		4F7146B25BADFE6EBCFBC681 /* CryptoManagerTests.swift */ = {isa = PBXFileReference; includeInIndex = 1; lastKnownFileType = sourcecode.swift; path = CryptoManagerTests.swift; sourceTree = "<group>"; };
		52ED012C5B1263AAF3FB77A3 /* VaultUITests.swift */ = {isa = PBXFileReference; includeInIndex = 1; lastKnownFileType = sourcecode.swift; path = VaultUITests.swift; sourceTree = "<group>"; };
		53259C4CDFC14FAB1BAA3872 /* VettIDTests.xctest */ = {isa = PBXFileReference; explicitFileType = wrapper.cfbundle; includeInIndex = 0; path = VettIDTests.xctest; sourceTree = BUILT_PRODUCTS_DIR; };
		595F692C8F113D4CAC0F9D2D /* NatsConnectionManagerTests.swift */ = {isa = PBXFileReference; includeInIndex = 1; lastKnownFileType = sourcecode.swift; path = NatsConnectionManagerTests.swift; sourceTree = "<group>"; };
		5DAE0DC17A88D051B4A2680E /* VettIDUITests.xctest */ = {isa = PBXFileReference; explicitFileType = wrapper.cfbundle; includeInIndex = 0; path = VettIDUITests.xctest; sourceTree = BUILT_PRODUCTS_DIR; };
		688F0CE3AE28533DD0235DF8 /* Secret.swift */ = {isa = PBXFileReference; includeInIndex = 1; lastKnownFileType = sourcecode.swift; path = Secret.swift; sourceTree = "<group>"; };
		7543D8BF043373D3E739796C /* ProfileViewModelTests.swift */ = {isa = PBXFileReference; includeInIndex = 1; lastKnownFileType = sourcecode.swift; path = ProfileViewModelTests.swift; sourceTree = "<group>"; };
		75A250C49286C1469599CD45 /* AuthenticationViewModelTests.swift */ = {isa = PBXFileReference; includeInIndex = 1; lastKnownFileType = sourcecode.swift; path = AuthenticationViewModelTests.swift; sourceTree = "<group>"; };
		7A4A6BF4B7E19B38EDEF31AC /* ArchiveView.swift */ = {isa = PBXFileReference; includeInIndex = 1; lastKnownFileType = sourcecode.swift; path = ArchiveView.swift; sourceTree = "<group>"; };
		7A833E0C94158CB685965731 /* HandlerDiscoveryViewModelTests.swift */ = {isa = PBXFileReference; includeInIndex = 1; lastKnownFileType = sourcecode.swift; path = HandlerDiscoveryViewModelTests.swift; sourceTree = "<group>"; };
		7AF9A63734413646BB7E375A /* SecretsView.swift */ = {isa = PBXFileReference; includeInIndex = 1; lastKnownFileType = sourcecode.swift; path = SecretsView.swift; sourceTree = "<group>"; };
		7AFABA11945E99D1E175383D /* ApiSecurity.swift */ = {isa = PBXFileReference; includeInIndex = 1; lastKnownFileType = sourcecode.swift; path = ApiSecurity.swift; sourceTree = "<group>"; };
		7C0030C9EAAF02A570641C21 /* NatsCredentialsTests.swift */ = {isa = PBXFileReference; includeInIndex = 1; lastKnownFileType = sourcecode.swift; path = NatsCredentialsTests.swift; sourceTree = "<group>"; };
		80D6C81AAEA975F5D4A6FD84 /* NitroAttestationVerifier.swift */ = {isa = PBXFileReference; includeInIndex = 1; lastKnownFileType = sourcecode.swift; name = NitroAttestationVerifier.swift; path = NitroAttestationVerifier.swift; sourceTree = "<group>"; };
		81DB56C55B5B70F6A7CECFA3 /* CredentialStoreTests.swift */ = {isa = PBXFileReference; includeInIndex = 1; lastKnownFileType = sourcecode.swift; path = CredentialStoreTests.swift; sourceTree = "<group>"; };
		8285A14EAFF8FCF54C60C6E2 /* VaultPreferencesView.swift */ = {isa = PBXFileReference; includeInIndex = 1; lastKnownFileType = sourcecode.swift; path = VaultPreferencesView.swift; sourceTree = "<group>"; };
		8AD4667BD8AA73E54DC3A24A /* ProfileHandlerTests.swift */ = {isa = PBXFileReference; includeInIndex = 1; lastKnownFileType = sourcecode.swift; path = ProfileHandlerTests.swift; sourceTree = "<group>"; };
		8AEF55837C33201737405887 /* PCRUpdateService.swift */ = {isa = PBXFileReference; includeInIndex = 1; lastKnownFileType = sourcecode.swift; name = PCRUpdateService.swift; path = PCRUpdateService.swift; sourceTree = "<group>"; };
		8D5FE09BE33592D0D0F1EB3F /* VaultServicesStatusView.swift */ = {isa = PBXFileReference; includeInIndex = 1; lastKnownFileType = sourcecode.swift; path = VaultServicesStatusView.swift; sourceTree = "<group>"; };
		8E5E94284D11741CB902B343 /* HandlerDetailViewModelTests.swift */ = {isa = PBXFileReference; includeInIndex = 1; lastKnownFileType = sourcecode.swift; path = HandlerDetailViewModelTests.swift; sourceTree = "<group>"; };
		93A86BE60A75794075747370 /* FeedEvent.swift */ = {isa = PBXFileReference; includeInIndex = 1; lastKnownFileType = sourcecode.swift; path = FeedEvent.swift; sourceTree = "<group>"; };
		93AE3AEAA330B2DBA8C07A78 /* MessageHandlerTests.swift */ = {isa = PBXFileReference; includeInIndex = 1; lastKnownFileType = sourcecode.swift; path = MessageHandlerTests.swift; sourceTree = "<group>"; };
		9F6BD7EF25140C61B7085558 /* PasswordHasherTests.swift */ = {isa = PBXFileReference; includeInIndex = 1; lastKnownFileType = sourcecode.swift; path = PasswordHasherTests.swift; sourceTree = "<group>"; };
		A1D6D6E4F90B7A138F25B696 /* AppSettings.swift */ = {isa = PBXFileReference; includeInIndex = 1; lastKnownFileType = sourcecode.swift; path = AppSettings.swift; sourceTree = "<group>"; };
		A2F5A0DDB43ADCF6557660BF /* ManageVaultView.swift */ = {isa = PBXFileReference; includeInIndex = 1; lastKnownFileType = sourcecode.swift; path = ManageVaultView.swift; sourceTree = "<group>"; };
		A55B8A854B6DF21A3197B1A0 /* FeedView.swift */ = {isa = PBXFileReference; includeInIndex = 1; lastKnownFileType = sourcecode.swift; path = FeedView.swift; sourceTree = "<group>"; };
		A665970E0AD5C8D20494FF33 /* CredentialRecoveryViewModelTests.swift */ = {isa = PBXFileReference; includeInIndex = 1; lastKnownFileType = sourcecode.swift; path = CredentialRecoveryViewModelTests.swift; sourceTree = "<group>"; };
		A76C59FC4B0D65040C1B3BC2 /* ConnectionsViewModelTests.swift */ = {isa = PBXFileReference; includeInIndex = 1; lastKnownFileType = sourcecode.swift; path = ConnectionsViewModelTests.swift; sourceTree = "<group>"; };
		A802F262C8E724624EE83387 /* ProfileHandler.swift */ = {isa = PBXFileReference; includeInIndex = 1; lastKnownFileType = sourcecode.swift; path = ProfileHandler.swift; sourceTree = "<group>"; };
		A9907E4ADEC32ED97F95D4E9 /* CreateInvitationViewModelTests.swift */ = {isa = PBXFileReference; includeInIndex = 1; lastKnownFileType = sourcecode.swift; path = CreateInvitationViewModelTests.swift; sourceTree = "<group>"; };
		AA6F4E8A08AC05BC1E9981C6 /* AppLockService.swift */ = {isa = PBXFileReference; includeInIndex = 1; lastKnownFileType = sourcecode.swift; path = AppLockService.swift; sourceTree = "<group>"; };
		AC46F847CA8B124F9FE8E970 /* VaultStatusViewModelTests.swift */ = {isa = PBXFileReference; includeInIndex = 1; lastKnownFileType = sourcecode.swift; path = VaultStatusViewModelTests.swift; sourceTree = "<group>"; };
		AEBBB6DA11AE9704FF891A7F /* EncryptedEnvelope.swift */ = {isa = PBXFileReference; includeInIndex = 1; lastKnownFileType = sourcecode.swift; path = EncryptedEnvelope.swift; sourceTree = "<group>"; };
		B3ED9102CCC521BCDFD9ED8B /* RecoveryPhraseManagerTests.swift */ = {isa = PBXFileReference; includeInIndex = 1; lastKnownFileType = sourcecode.swift; path = RecoveryPhraseManagerTests.swift; sourceTree = "<group>"; };
		B5B59320799245103D92C504 /* HeaderView.swift */ = {isa = PBXFileReference; includeInIndex = 1; lastKnownFileType = sourcecode.swift; path = HeaderView.swift; sourceTree = "<group>"; };
		B6B8DC6D217039260AC73583 /* expected_pcrs.json */ = {isa = PBXFileReference; includeInIndex = 1; name = expected_pcrs.json; path = expected_pcrs.json; sourceTree = "<group>"; };
		B800E13B79F1C90797B3209D /* DeepLinkHandler.swift */ = {isa = PBXFileReference; includeInIndex = 1; lastKnownFileType = sourcecode.swift; path = DeepLinkHandler.swift; sourceTree = "<group>"; };
		BA573762F5B324146F857357 /* ThemeSettingsView.swift */ = {isa = PBXFileReference; includeInIndex = 1; lastKnownFileType = sourcecode.swift; path = ThemeSettingsView.swift; sourceTree = "<group>"; };
		C262C514B475C866052AA47B /* ScanInvitationViewModelTests.swift */ = {isa = PBXFileReference; includeInIndex = 1; lastKnownFileType = sourcecode.swift; path = ScanInvitationViewModelTests.swift; sourceTree = "<group>"; };
		C78640951FD7268FE0322F1F /* ConnectionHandlerTests.swift */ = {isa = PBXFileReference; includeInIndex = 1; lastKnownFileType = sourcecode.swift; path = ConnectionHandlerTests.swift; sourceTree = "<group>"; };
		CAF3A0B1092FFB0A652C013F /* SecretsViewModel.swift */ = {isa = PBXFileReference; includeInIndex = 1; lastKnownFileType = sourcecode.swift; path = SecretsViewModel.swift; sourceTree = "<group>"; };
		CD26F7972848FCE5C4EE6520 /* HandlerTypesTests.swift */ = {isa = PBXFileReference; includeInIndex = 1; lastKnownFileType = sourcecode.swift; path = HandlerTypesTests.swift; sourceTree = "<group>"; };
		CE35CF9350F1D477CC634FD3 /* ConversationViewModelTests.swift */ = {isa = PBXFileReference; includeInIndex = 1; lastKnownFileType = sourcecode.swift; path = ConversationViewModelTests.swift; sourceTree = "<group>"; };
		D1AC5C563F3D0443156417C0 /* Foundation.framework */ = {isa = PBXFileReference; lastKnownFileType = wrapper.framework; name = Foundation.framework; path = Platforms/iPhoneOS.platform/Developer/SDKs/iPhoneOS18.0.sdk/System/Library/Frameworks/Foundation.framework; sourceTree = DEVELOPER_DIR; };
		D685CF6E261D5A6229A01CB1 /* HandlerExecutionViewModelTests.swift */ = {isa = PBXFileReference; includeInIndex = 1; lastKnownFileType = sourcecode.swift; path = HandlerExecutionViewModelTests.swift; sourceTree = "<group>"; };
		D6F772E105DCC21AF1751DE5 /* AppLockView.swift */ = {isa = PBXFileReference; includeInIndex = 1; lastKnownFileType = sourcecode.swift; path = AppLockView.swift; sourceTree = "<group>"; };
		DDAE474EE81CD7EDDE12ABF5 /* FeedViewModel.swift */ = {isa = PBXFileReference; includeInIndex = 1; lastKnownFileType = sourcecode.swift; path = FeedViewModel.swift; sourceTree = "<group>"; };
		DE89C420DEC861CD3FA91B92 /* PersonalData.swift */ = {isa = PBXFileReference; includeInIndex = 1; lastKnownFileType = sourcecode.swift; path = PersonalData.swift; sourceTree = "<group>"; };
		DEA5BE7707CCFC71CBA871B7 /* MainNavigationView.swift */ = {isa = PBXFileReference; includeInIndex = 1; lastKnownFileType = sourcecode.swift; path = MainNavigationView.swift; sourceTree = "<group>"; };
		E83815BD60753356B2025839 /* VaultResponseHandlerTests.swift */ = {isa = PBXFileReference; includeInIndex = 1; lastKnownFileType = sourcecode.swift; path = VaultResponseHandlerTests.swift; sourceTree = "<group>"; };
		EEA2A69DEB72B748BED4DA14 /* SecretsHandler.swift */ = {isa = PBXFileReference; includeInIndex = 1; lastKnownFileType = sourcecode.swift; path = SecretsHandler.swift; sourceTree = "<group>"; };
		F2BE3C5AC6A5049A191F87E5 /* EnrollmentViewModelTests.swift */ = {isa = PBXFileReference; includeInIndex = 1; lastKnownFileType = sourcecode.swift; path = EnrollmentViewModelTests.swift; sourceTree = "<group>"; };
		F6098637FDCF71146C63D9FD /* BackupSettingsViewModelTests.swift */ = {isa = PBXFileReference; includeInIndex = 1; lastKnownFileType = sourcecode.swift; path = BackupSettingsViewModelTests.swift; sourceTree = "<group>"; };
		FC77A44439FC6A4671047F51 /* VettIDUITests.swift */ = {isa = PBXFileReference; includeInIndex = 1; lastKnownFileType = sourcecode.swift; path = VettIDUITests.swift; sourceTree = "<group>"; };
/* End PBXFileReference section */

/* Begin PBXFrameworksBuildPhase section */
		30000001 /* Frameworks */ = {
			isa = PBXFrameworksBuildPhase;
			buildActionMask = 2147483647;
			files = (
			);
			runOnlyForDeploymentPostprocessing = 0;
		};
		7A47514BFCB8162170480C8C /* Frameworks */ = {
			isa = PBXFrameworksBuildPhase;
			buildActionMask = 2147483647;
			files = (
				3C81DCE733F08D269B3B88F3 /* Foundation.framework in Frameworks */,
			);
			runOnlyForDeploymentPostprocessing = 0;
		};
		EB66B9258CD6D1C9C82032E8 /* Frameworks */ = {
			isa = PBXFrameworksBuildPhase;
			buildActionMask = 2147483647;
			files = (
				7B9473E326FABF243ED653A4 /* Foundation.framework in Frameworks */,
			);
			runOnlyForDeploymentPostprocessing = 0;
		};
/* End PBXFrameworksBuildPhase section */

/* Begin PBXGroup section */
		17AB82EB05818922B0E2A9C1 /* Handlers */ = {
			isa = PBXGroup;
			children = (
				EEA2A69DEB72B748BED4DA14 /* SecretsHandler.swift */,
				A802F262C8E724624EE83387 /* ProfileHandler.swift */,
				131DE8422D0A3B6CE2B321DB /* CredentialsHandler.swift */,
				131DE8422D0A3B6CE2B321DC /* CredentialRotationHandler.swift */,
				1AA0D8823160098FDD1BEDED /* ConnectionHandler.swift */,
				2890018C4BA02E8E472C8A62 /* MessageHandler.swift */,
			);
			name = Handlers;
			path = Handlers;
			sourceTree = "<group>";
		};
		21E9FB3E17B97C61F3E27745 /* Settings */ = {
			isa = PBXGroup;
			children = (
				BA573762F5B324146F857357 /* ThemeSettingsView.swift */,
				48B355FF5FC2FE9E7899E6EB /* SecuritySettingsView.swift */,
				2B2D6CF42AD511A65BF8DC12 /* AboutView.swift */,
				AA6F4E8A08AC05BC1E9981C6 /* AppLockService.swift */,
			);
			name = Settings;
			path = Settings;
			sourceTree = "<group>";
		};
		36D2210366B16F30CF6DF4B1 /* Secrets */ = {
			isa = PBXGroup;
			children = (
				688F0CE3AE28533DD0235DF8 /* Secret.swift */,
				CAF3A0B1092FFB0A652C013F /* SecretsViewModel.swift */,
				7AF9A63734413646BB7E375A /* SecretsView.swift */,
			);
			name = Secrets;
			path = Secrets;
			sourceTree = "<group>";
		};
		40000001 = {
			isa = PBXGroup;
			children = (
				40000002 /* VettID */,
				40000003 /* Products */,
				FEA3F7453C5C2A10C721EE02 /* Frameworks */,
				DA8BC5C9F8183B4FF86AD0C2 /* VettIDUITests */,
				F633A05A74757C8E505A8817 /* VettIDTests */,
			);
			sourceTree = "<group>";
		};
		40000002 /* VettID */ = {
			isa = PBXGroup;
			children = (
				40000004 /* App */,
				40000005 /* Core */,
				40000012 /* Models */,
				40000006 /* Features */,
				40000007 /* Resources */,
				1000000D /* Info.plist */,
				392F1BEBBE9997250A75C74A /* VettID.entitlements */,
			);
			path = VettID;
			sourceTree = "<group>";
		};
		40000003 /* Products */ = {
			isa = PBXGroup;
			children = (
				20000001 /* VettID.app */,
				5DAE0DC17A88D051B4A2680E /* VettIDUITests.xctest */,
				53259C4CDFC14FAB1BAA3872 /* VettIDTests.xctest */,
			);
			name = Products;
			sourceTree = "<group>";
		};
		40000004 /* App */ = {
			isa = PBXGroup;
			children = (
				10000001 /* VettIDApp.swift */,
				10000002 /* ContentView.swift */,
			);
			path = App;
			sourceTree = "<group>";
		};
		40000005 /* Core */ = {
			isa = PBXGroup;
			children = (
				40000008 /* Crypto */,
				40000009 /* Storage */,
				4000000A /* Networking */,
				4000000B /* Attestation */,
				4000000F /* NATS */,
				40000017 /* Security */,
				66594A3F2DF3A04E9C493290 /* DeepLink */,
			);
			path = Core;
			sourceTree = "<group>";
		};
		40000006 /* Features */ = {
			isa = PBXGroup;
			children = (
				4000000C /* Enrollment */,
				4000000D /* Authentication */,
				4000000E /* Vault */,
				40000010 /* NATS */,
				40000011 /* Handlers */,
				40000013 /* Connections */,
				40000014 /* Profile */,
				40000015 /* Messaging */,
				40000016 /* Backup */,
				605081853DB1FB640E991FA4 /* Navigation */,
				88C7A2A2A500BEF6A164573B /* Feed */,
				36D2210366B16F30CF6DF4B1 /* Secrets */,
				ADEFB19163EC12C63F133244 /* PersonalData */,
				21E9FB3E17B97C61F3E27745 /* Settings */,
				6D08E19C73569F295FA6C491 /* VaultServices */,
			);
			path = Features;
			sourceTree = "<group>";
		};
		40000007 /* Resources */ = {
			isa = PBXGroup;
			children = (
				1000000C /* Assets.xcassets */,
				B6B8DC6D217039260AC73583 /* expected_pcrs.json */,
			);
			path = Resources;
			sourceTree = "<group>";
		};
		40000008 /* Crypto */ = {
			isa = PBXGroup;
			children = (
				1000003F /* BIP39WordList.swift */,
				1000002D /* ConnectionCryptoManager.swift */,
				10000003 /* CryptoManager.swift */,
				1000000E /* PasswordHasher.swift */,
				10000040 /* RecoveryPhraseManager.swift */,
			);
			path = Crypto;
			sourceTree = "<group>";
		};
		40000009 /* Storage */ = {
			isa = PBXGroup;
			children = (
				10000004 /* CredentialStore.swift */,
				10000052 /* ProfileStore.swift */,
				10000053 /* SecretsStore.swift */,
				10000005 /* SecureKeyStore.swift */,
			);
			path = Storage;
			sourceTree = "<group>";
		};
		4000000A /* Networking */ = {
			isa = PBXGroup;
			children = (
				10000006 /* APIClient.swift */,
			);
			path = Networking;
			sourceTree = "<group>";
		};
		4000000B /* Attestation */ = {
			isa = PBXGroup;
			children = (
				10000007 /* AttestationManager.swift */,
				2508C629676886E946486AC6 /* ExpectedPCRStore.swift */,
				80D6C81AAEA975F5D4A6FD84 /* NitroAttestationVerifier.swift */,
				8AEF55837C33201737405887 /* PCRUpdateService.swift */,
			);
			path = Attestation;
			sourceTree = "<group>";
		};
		4000000C /* Enrollment */ = {
			isa = PBXGroup;
			children = (
				10000008 /* EnrollmentService.swift */,
				10000009 /* QRScannerView.swift */,
				10000010 /* EnrollmentViewModel.swift */,
				10000011 /* PasswordSetupView.swift */,
				10000012 /* AttestationView.swift */,
				10000013 /* EnrollmentCompleteView.swift */,
			);
			path = Enrollment;
			sourceTree = "<group>";
		};
		4000000D /* Authentication */ = {
			isa = PBXGroup;
			children = (
				1000000A /* BiometricAuthService.swift */,
				1000000F /* AuthenticationService.swift */,
				10000014 /* AuthenticationViewModel.swift */,
				10000015 /* AuthenticationContainerView.swift */,
				D6F772E105DCC21AF1751DE5 /* AppLockView.swift */,
			);
			path = Authentication;
			sourceTree = "<group>";
		};
		4000000E /* Vault */ = {
			isa = PBXGroup;
			children = (
				1000000B /* VaultService.swift */,
				10000016 /* VaultStatusViewModel.swift */,
				10000017 /* VaultStatusView.swift */,
				10000018 /* VaultBackgroundRefresh.swift */,
				10000022 /* VaultHealthViewModel.swift */,
				10000023 /* VaultHealthView.swift */,
				8285A14EAFF8FCF54C60C6E2 /* VaultPreferencesView.swift */,
				7A4A6BF4B7E19B38EDEF31AC /* ArchiveView.swift */,
			);
			path = Vault;
			sourceTree = "<group>";
		};
		4000000F /* NATS */ = {
			isa = PBXGroup;
			children = (
				10000019 /* NatsCredentials.swift */,
				1000001A /* NatsCredentialStore.swift */,
				1000001B /* NatsConnectionManager.swift */,
				1000001C /* OwnerSpaceClient.swift */,
				1000001D /* NatsTokenRefreshTask.swift */,
				10000020 /* VaultEventClient.swift */,
				10000021 /* VaultResponseHandler.swift */,
				36891E6A55D69502EF90D4CB /* SessionKeyManager.swift */,
				AEBBB6DA11AE9704FF891A7F /* EncryptedEnvelope.swift */,
				17AB82EB05818922B0E2A9C1 /* Handlers */,
			);
			path = NATS;
			sourceTree = "<group>";
		};
		40000010 /* NATS */ = {
			isa = PBXGroup;
			children = (
				1000001E /* NatsSetupViewModel.swift */,
				1000001F /* NatsConnectionStatusView.swift */,
			);
			path = NATS;
			sourceTree = "<group>";
		};
		40000011 /* Handlers */ = {
			isa = PBXGroup;
			children = (
				10000024 /* HandlerDiscoveryViewModel.swift */,
				10000025 /* HandlerDiscoveryView.swift */,
				10000026 /* HandlerDetailViewModel.swift */,
				10000027 /* HandlerDetailView.swift */,
				10000028 /* HandlerExecutionViewModel.swift */,
				10000029 /* HandlerExecutionView.swift */,
			);
			path = Handlers;
			sourceTree = "<group>";
		};
		40000012 /* Models */ = {
			isa = PBXGroup;
			children = (
				1000003E /* Backup.swift */,
				1000002A /* Connection.swift */,
				1000002B /* Message.swift */,
				1000002C /* Profile.swift */,
				A1D6D6E4F90B7A138F25B696 /* AppSettings.swift */,
			);
			path = Models;
			sourceTree = "<group>";
		};
		40000013 /* Connections */ = {
			isa = PBXGroup;
			children = (
				1000002E /* QRCodeView.swift */,
				1000002F /* QRCodeScannerView.swift */,
				10000030 /* CreateInvitationViewModel.swift */,
				10000031 /* CreateInvitationView.swift */,
				10000032 /* ScanInvitationViewModel.swift */,
				10000033 /* ScanInvitationView.swift */,
				10000034 /* ConnectionsViewModel.swift */,
				10000035 /* ConnectionsListView.swift */,
				10000036 /* ConnectionDetailViewModel.swift */,
				10000037 /* ConnectionDetailView.swift */,
			);
			path = Connections;
			sourceTree = "<group>";
		};
		40000014 /* Profile */ = {
			isa = PBXGroup;
			children = (
				10000038 /* ProfileViewModel.swift */,
				10000039 /* ProfileView.swift */,
				1000003A /* EditProfileView.swift */,
			);
			path = Profile;
			sourceTree = "<group>";
		};
		40000015 /* Messaging */ = {
			isa = PBXGroup;
			children = (
				1000003B /* ConversationViewModel.swift */,
				1000003C /* ConversationView.swift */,
				1000003D /* MessageSubscriber.swift */,
			);
			path = Messaging;
			sourceTree = "<group>";
		};
		40000016 /* Backup */ = {
			isa = PBXGroup;
			children = (
				1000004B /* BackupBackgroundTask.swift */,
				10000044 /* BackupDetailView.swift */,
				10000043 /* BackupDetailViewModel.swift */,
				10000042 /* BackupListView.swift */,
				10000041 /* BackupListViewModel.swift */,
				10000046 /* BackupSettingsView.swift */,
				10000045 /* BackupSettingsViewModel.swift */,
				10000048 /* CredentialBackupView.swift */,
				10000047 /* CredentialBackupViewModel.swift */,
				1000004A /* CredentialRecoveryView.swift */,
				10000049 /* CredentialRecoveryViewModel.swift */,
			);
			path = Backup;
			sourceTree = "<group>";
		};
		40000017 /* Security */ = {
			isa = PBXGroup;
			children = (
				1000004C /* RuntimeProtection.swift */,
				1000004D /* SecureMemory.swift */,
				1000004E /* CertificatePinning.swift */,
				1000004F /* RequestSigning.swift */,
				10000050 /* SecurePasteboard.swift */,
				10000051 /* ScreenProtection.swift */,
				7AFABA11945E99D1E175383D /* ApiSecurity.swift */,
			);
			path = VettID/Core/Security;
			sourceTree = SOURCE_ROOT;
		};
		605081853DB1FB640E991FA4 /* Navigation */ = {
			isa = PBXGroup;
			children = (
				157809425BFB22E6896C0225 /* DrawerView.swift */,
				B5B59320799245103D92C504 /* HeaderView.swift */,
				0E26681EB4F44673283A603D /* ContextualBottomNav.swift */,
				DEA5BE7707CCFC71CBA871B7 /* MainNavigationView.swift */,
			);
			name = Navigation;
			path = Navigation;
			sourceTree = "<group>";
		};
		66594A3F2DF3A04E9C493290 /* DeepLink */ = {
			isa = PBXGroup;
			children = (
				B800E13B79F1C90797B3209D /* DeepLinkHandler.swift */,
			);
			name = DeepLink;
			path = DeepLink;
			sourceTree = "<group>";
		};
		6D08E19C73569F295FA6C491 /* VaultServices */ = {
			isa = PBXGroup;
			children = (
				8D5FE09BE33592D0D0F1EB3F /* VaultServicesStatusView.swift */,
				A2F5A0DDB43ADCF6557660BF /* ManageVaultView.swift */,
			);
			name = VaultServices;
			path = VaultServices;
			sourceTree = "<group>";
		};
		88C7A2A2A500BEF6A164573B /* Feed */ = {
			isa = PBXGroup;
			children = (
				93A86BE60A75794075747370 /* FeedEvent.swift */,
				DDAE474EE81CD7EDDE12ABF5 /* FeedViewModel.swift */,
				A55B8A854B6DF21A3197B1A0 /* FeedView.swift */,
			);
			name = Feed;
			path = Feed;
			sourceTree = "<group>";
		};
		ADEFB19163EC12C63F133244 /* PersonalData */ = {
			isa = PBXGroup;
			children = (
				DE89C420DEC861CD3FA91B92 /* PersonalData.swift */,
				208B738362A4D7A093432F99 /* PersonalDataViewModel.swift */,
				498392EDCF906E22833BD876 /* PersonalDataView.swift */,
			);
			name = PersonalData;
			path = PersonalData;
			sourceTree = "<group>";
		};
		DA8BC5C9F8183B4FF86AD0C2 /* VettIDUITests */ = {
			isa = PBXGroup;
			children = (
				FC77A44439FC6A4671047F51 /* VettIDUITests.swift */,
				38A823EDB04F986924B6CC2D /* EnrollmentUITests.swift */,
				3A1F747E77CDE5E01425BE6B /* AuthenticationUITests.swift */,
				52ED012C5B1263AAF3FB77A3 /* VaultUITests.swift */,
			);
			name = VettIDUITests;
			path = VettIDUITests;
			sourceTree = "<group>";
		};
		F633A05A74757C8E505A8817 /* VettIDTests */ = {
			isa = PBXGroup;
			children = (
				04A2A45B0C799F07F7949F6A /* VaultEventClientTests.swift */,
				C78640951FD7268FE0322F1F /* ConnectionHandlerTests.swift */,
				A76C59FC4B0D65040C1B3BC2 /* ConnectionsViewModelTests.swift */,
				F6098637FDCF71146C63D9FD /* BackupSettingsViewModelTests.swift */,
				183C19DE1EB7BD6FCF2BFE78 /* BackupListViewModelTests.swift */,
				9F6BD7EF25140C61B7085558 /* PasswordHasherTests.swift */,
				8AD4667BD8AA73E54DC3A24A /* ProfileHandlerTests.swift */,
				CD26F7972848FCE5C4EE6520 /* HandlerTypesTests.swift */,
				F2BE3C5AC6A5049A191F87E5 /* EnrollmentViewModelTests.swift */,
				A9907E4ADEC32ED97F95D4E9 /* CreateInvitationViewModelTests.swift */,
				2D96D6532F41DCB812C7BB39 /* VaultHealthViewModelTests.swift */,
				AC46F847CA8B124F9FE8E970 /* VaultStatusViewModelTests.swift */,
				4F7146B25BADFE6EBCFBC681 /* CryptoManagerTests.swift */,
				93AE3AEAA330B2DBA8C07A78 /* MessageHandlerTests.swift */,
				1B6DD5A0C4647D925FCE5B7D /* SecurityTests.swift */,
				44150EB12110B89318BB186E /* CredentialsHandlerTests.swift */,
				E83815BD60753356B2025839 /* VaultResponseHandlerTests.swift */,
				A665970E0AD5C8D20494FF33 /* CredentialRecoveryViewModelTests.swift */,
				D685CF6E261D5A6229A01CB1 /* HandlerExecutionViewModelTests.swift */,
				C262C514B475C866052AA47B /* ScanInvitationViewModelTests.swift */,
				595F692C8F113D4CAC0F9D2D /* NatsConnectionManagerTests.swift */,
				8E5E94284D11741CB902B343 /* HandlerDetailViewModelTests.swift */,
				7C0030C9EAAF02A570641C21 /* NatsCredentialsTests.swift */,
				36F1AE6EAA7223ED50E8D5AA /* CredentialBackupViewModelTests.swift */,
				B3ED9102CCC521BCDFD9ED8B /* RecoveryPhraseManagerTests.swift */,
				75A250C49286C1469599CD45 /* AuthenticationViewModelTests.swift */,
				1D394BF5857A8C321E286295 /* ConnectionTypesTests.swift */,
				1A1D138C4F8D39751D20BE46 /* SecretsHandlerTests.swift */,
				3A2DC213E62E9E578E40588F /* BackupTypesTests.swift */,
				7A833E0C94158CB685965731 /* HandlerDiscoveryViewModelTests.swift */,
				81DB56C55B5B70F6A7CECFA3 /* CredentialStoreTests.swift */,
				7543D8BF043373D3E739796C /* ProfileViewModelTests.swift */,
				CE35CF9350F1D477CC634FD3 /* ConversationViewModelTests.swift */,
				003A6313C942B5D9E98B959D /* SecureKeyStoreTests.swift */,
			);
			name = VettIDTests;
			path = VettIDTests;
			sourceTree = "<group>";
		};
		FE8BB0F52357B236B075801B /* iOS */ = {
			isa = PBXGroup;
			children = (
				D1AC5C563F3D0443156417C0 /* Foundation.framework */,
			);
			name = iOS;
			sourceTree = "<group>";
		};
		FEA3F7453C5C2A10C721EE02 /* Frameworks */ = {
			isa = PBXGroup;
			children = (
				FE8BB0F52357B236B075801B /* iOS */,
			);
			name = Frameworks;
			sourceTree = "<group>";
		};
/* End PBXGroup section */

/* Begin PBXNativeTarget section */
		04B1C0E626228BC38419D4BA /* VettIDTests */ = {
			isa = PBXNativeTarget;
			buildConfigurationList = D73C59A44DB76BF2D5029B03 /* Build configuration list for PBXNativeTarget "VettIDTests" */;
			buildPhases = (
				FA135006B2933D907A7383DA /* Sources */,
				7A47514BFCB8162170480C8C /* Frameworks */,
				E710FF30CCAC7E6A85A7D200 /* Resources */,
			);
			buildRules = (
			);
			dependencies = (
				EF6BE0041D5945125123021C /* PBXTargetDependency */,
			);
			name = VettIDTests;
			productName = VettIDTests;
			productReference = 53259C4CDFC14FAB1BAA3872 /* VettIDTests.xctest */;
			productType = "com.apple.product-type.bundle.unit-test";
		};
		47A19B9656B5C17D32E3CBF5 /* VettIDUITests */ = {
			isa = PBXNativeTarget;
			buildConfigurationList = 2BCEDFE9E7D44EC170647334 /* Build configuration list for PBXNativeTarget "VettIDUITests" */;
			buildPhases = (
				883FF6CAE2490104B72F2843 /* Sources */,
				EB66B9258CD6D1C9C82032E8 /* Frameworks */,
				68F491FEEB3328CCEE15B658 /* Resources */,
			);
			buildRules = (
			);
			dependencies = (
				78D8DA992EA0284D9A263C4E /* PBXTargetDependency */,
			);
			name = VettIDUITests;
			productName = VettIDUITests;
			productReference = 5DAE0DC17A88D051B4A2680E /* VettIDUITests.xctest */;
			productType = "com.apple.product-type.bundle.ui-testing";
		};
		50000001 /* VettID */ = {
			isa = PBXNativeTarget;
			buildConfigurationList = 60000001 /* Build configuration list for PBXNativeTarget "VettID" */;
			buildPhases = (
				50000002 /* Sources */,
				30000001 /* Frameworks */,
				50000003 /* Resources */,
			);
			buildRules = (
			);
			dependencies = (
			);
			name = VettID;
			packageProductDependencies = (
				SPM00001 /* Sodium */,
				SPM00002 /* Nats */,
			);
			productName = VettID;
			productReference = 20000001 /* VettID.app */;
			productType = "com.apple.product-type.application";
		};
/* End PBXNativeTarget section */

/* Begin PBXProject section */
		70000001 /* Project object */ = {
			isa = PBXProject;
			attributes = {
				BuildIndependentTargetsInParallel = 1;
				LastSwiftUpdateCheck = 1500;
				LastUpgradeCheck = 2610;
				TargetAttributes = {
					50000001 = {
						CreatedOnToolsVersion = 15.0;
					};
				};
			};
			buildConfigurationList = 60000002 /* Build configuration list for PBXProject "VettID" */;
			compatibilityVersion = "Xcode 14.0";
			developmentRegion = en;
			hasScannedForEncodings = 0;
			knownRegions = (
				en,
				Base,
			);
			mainGroup = 40000001;
			packageReferences = (
				PKG00001 /* XCRemoteSwiftPackageReference "swift-sodium" */,
				PKG00002 /* XCRemoteSwiftPackageReference "nats.swift" */,
			);
			productRefGroup = 40000003 /* Products */;
			projectDirPath = "";
			projectRoot = "";
			targets = (
				50000001 /* VettID */,
				47A19B9656B5C17D32E3CBF5 /* VettIDUITests */,
				04B1C0E626228BC38419D4BA /* VettIDTests */,
			);
		};
/* End PBXProject section */

/* Begin PBXResourcesBuildPhase section */
		50000003 /* Resources */ = {
			isa = PBXResourcesBuildPhase;
			buildActionMask = 2147483647;
			files = (
				0000000C /* Assets.xcassets in Resources */,
				6372EBD57830A0ABB43521E5 /* expected_pcrs.json in Resources */,
			);
			runOnlyForDeploymentPostprocessing = 0;
		};
		68F491FEEB3328CCEE15B658 /* Resources */ = {
			isa = PBXResourcesBuildPhase;
			buildActionMask = 2147483647;
			files = (
			);
			runOnlyForDeploymentPostprocessing = 0;
		};
		E710FF30CCAC7E6A85A7D200 /* Resources */ = {
			isa = PBXResourcesBuildPhase;
			buildActionMask = 2147483647;
			files = (
			);
			runOnlyForDeploymentPostprocessing = 0;
		};
/* End PBXResourcesBuildPhase section */

/* Begin PBXSourcesBuildPhase section */
		50000002 /* Sources */ = {
			isa = PBXSourcesBuildPhase;
			buildActionMask = 2147483647;
			files = (
				00000001 /* VettIDApp.swift in Sources */,
				00000002 /* ContentView.swift in Sources */,
				00000003 /* CryptoManager.swift in Sources */,
				00000004 /* CredentialStore.swift in Sources */,
				00000005 /* SecureKeyStore.swift in Sources */,
				00000006 /* APIClient.swift in Sources */,
				00000007 /* AttestationManager.swift in Sources */,
				00000008 /* EnrollmentService.swift in Sources */,
				00000009 /* QRScannerView.swift in Sources */,
				0000000A /* BiometricAuthService.swift in Sources */,
				0000000B /* VaultService.swift in Sources */,
				0000000D /* PasswordHasher.swift in Sources */,
				0000000E /* AuthenticationService.swift in Sources */,
				00000010 /* EnrollmentViewModel.swift in Sources */,
				00000011 /* PasswordSetupView.swift in Sources */,
				00000012 /* AttestationView.swift in Sources */,
				00000013 /* EnrollmentCompleteView.swift in Sources */,
				00000014 /* AuthenticationViewModel.swift in Sources */,
				00000015 /* AuthenticationContainerView.swift in Sources */,
				00000016 /* VaultStatusViewModel.swift in Sources */,
				00000017 /* VaultStatusView.swift in Sources */,
				00000018 /* VaultBackgroundRefresh.swift in Sources */,
				00000019 /* NatsCredentials.swift in Sources */,
				0000001A /* NatsCredentialStore.swift in Sources */,
				0000001B /* NatsConnectionManager.swift in Sources */,
				0000001C /* OwnerSpaceClient.swift in Sources */,
				0000001D /* NatsTokenRefreshTask.swift in Sources */,
				0000001E /* NatsSetupViewModel.swift in Sources */,
				0000001F /* NatsConnectionStatusView.swift in Sources */,
				00000020 /* VaultEventClient.swift in Sources */,
				00000021 /* VaultResponseHandler.swift in Sources */,
				00000022 /* VaultHealthViewModel.swift in Sources */,
				00000023 /* VaultHealthView.swift in Sources */,
				00000024 /* HandlerDiscoveryViewModel.swift in Sources */,
				00000025 /* HandlerDiscoveryView.swift in Sources */,
				00000026 /* HandlerDetailViewModel.swift in Sources */,
				00000027 /* HandlerDetailView.swift in Sources */,
				00000028 /* HandlerExecutionViewModel.swift in Sources */,
				00000029 /* HandlerExecutionView.swift in Sources */,
				0000002A /* Connection.swift in Sources */,
				0000002B /* Message.swift in Sources */,
				0000002C /* Profile.swift in Sources */,
				0000002D /* ConnectionCryptoManager.swift in Sources */,
				0000002E /* QRCodeView.swift in Sources */,
				0000002F /* QRCodeScannerView.swift in Sources */,
				00000030 /* CreateInvitationViewModel.swift in Sources */,
				00000031 /* CreateInvitationView.swift in Sources */,
				00000032 /* ScanInvitationViewModel.swift in Sources */,
				00000033 /* ScanInvitationView.swift in Sources */,
				00000034 /* ConnectionsViewModel.swift in Sources */,
				00000035 /* ConnectionsListView.swift in Sources */,
				00000036 /* ConnectionDetailViewModel.swift in Sources */,
				00000037 /* ConnectionDetailView.swift in Sources */,
				00000038 /* ProfileViewModel.swift in Sources */,
				00000039 /* ProfileView.swift in Sources */,
				0000003A /* EditProfileView.swift in Sources */,
				0000003B /* ConversationViewModel.swift in Sources */,
				0000003C /* ConversationView.swift in Sources */,
				0000003D /* MessageSubscriber.swift in Sources */,
				0000003E /* Backup.swift in Sources */,
				0000003F /* BIP39WordList.swift in Sources */,
				00000040 /* RecoveryPhraseManager.swift in Sources */,
				00000041 /* BackupListViewModel.swift in Sources */,
				00000042 /* BackupListView.swift in Sources */,
				00000043 /* BackupDetailViewModel.swift in Sources */,
				00000044 /* BackupDetailView.swift in Sources */,
				00000045 /* BackupSettingsViewModel.swift in Sources */,
				00000046 /* BackupSettingsView.swift in Sources */,
				00000047 /* CredentialBackupViewModel.swift in Sources */,
				00000048 /* CredentialBackupView.swift in Sources */,
				00000049 /* CredentialRecoveryViewModel.swift in Sources */,
				0000004A /* CredentialRecoveryView.swift in Sources */,
				0000004B /* BackupBackgroundTask.swift in Sources */,
				0000004C /* RuntimeProtection.swift in Sources */,
				0000004D /* SecureMemory.swift in Sources */,
				0000004E /* CertificatePinning.swift in Sources */,
				0000004F /* RequestSigning.swift in Sources */,
				00000050 /* SecurePasteboard.swift in Sources */,
				00000051 /* ScreenProtection.swift in Sources */,
				00000052 /* ProfileStore.swift in Sources */,
				00000053 /* SecretsStore.swift in Sources */,
				EBA8CC5E3DAC52A8A2738BFE /* DrawerView.swift in Sources */,
				B0654E219C2D593B6A9355A0 /* HeaderView.swift in Sources */,
				CA86CA36D9E993B236ED44E6 /* ContextualBottomNav.swift in Sources */,
				DBFEF468FD6CAD145C6CDE3B /* MainNavigationView.swift in Sources */,
				824239CA1C86ECBB99591287 /* FeedEvent.swift in Sources */,
				D302C18A23D884DD51D9F532 /* FeedViewModel.swift in Sources */,
				E0856AA3F832860B0D0EC949 /* FeedView.swift in Sources */,
				A62391E4CF05D59BEBA013D4 /* Secret.swift in Sources */,
				6AAF4B7C9510C0DBDC732FD9 /* SecretsViewModel.swift in Sources */,
				8C9CBF9173DD16DF29F45476 /* SecretsView.swift in Sources */,
				84A8E45EB70FA3689B501714 /* PersonalData.swift in Sources */,
				A47C934A93232A54987BCB2D /* PersonalDataViewModel.swift in Sources */,
				8137D39ECE65372610A42979 /* PersonalDataView.swift in Sources */,
				CDBBDBFDD83502117D46C4C1 /* AppSettings.swift in Sources */,
				12AC6B6A5207336BD3912200 /* ThemeSettingsView.swift in Sources */,
				A5834109528CE39E4F82E414 /* SecuritySettingsView.swift in Sources */,
				3C5A3DA38E4A1DDE8F4639C4 /* AboutView.swift in Sources */,
				5F70C41EB8B0D5E3945DE3D0 /* VaultServicesStatusView.swift in Sources */,
				498D7D66D5911F127DD808FF /* ManageVaultView.swift in Sources */,
				C343F7B83B7C091123598F3D /* AppLockService.swift in Sources */,
				3F35449FD0789E400C52EE54 /* AppLockView.swift in Sources */,
				FFEC75DD850E79B5ED665914 /* VaultPreferencesView.swift in Sources */,
				1EAC19EF056BA34609877523 /* ArchiveView.swift in Sources */,
				4F867A959C49C7208A76ED50 /* DeepLinkHandler.swift in Sources */,
				DF3E299D763958D6155FB562 /* SessionKeyManager.swift in Sources */,
				CBB42EE77AAC0795CA3EE203 /* EncryptedEnvelope.swift in Sources */,
				98DD4E5D5DC4F6A70092712E /* SecretsHandler.swift in Sources */,
				0070F8E8A708ED9903FFDB28 /* ProfileHandler.swift in Sources */,
				F602E4DC3720696C53E18F93 /* CredentialsHandler.swift in Sources */,
				F602E4DC3720696C53E18F94 /* CredentialRotationHandler.swift in Sources */,
				54AE200B5260828DFDDF54CF /* ConnectionHandler.swift in Sources */,
				F0E73DBD6B3F29E1CB096093 /* MessageHandler.swift in Sources */,
				C0ACE721614C9896C8C7F46C /* ApiSecurity.swift in Sources */,
				615FE23B95C6133464EE1F14 /* ExpectedPCRStore.swift in Sources */,
				7D06B931B0E2103C0BF5F1B5 /* NitroAttestationVerifier.swift in Sources */,
				80F6BFC53747CE4F25B27771 /* PCRUpdateService.swift in Sources */,
			);
			runOnlyForDeploymentPostprocessing = 0;
		};
		883FF6CAE2490104B72F2843 /* Sources */ = {
			isa = PBXSourcesBuildPhase;
			buildActionMask = 2147483647;
			files = (
				C23FB626255421D48B1E705E /* VettIDUITests.swift in Sources */,
				FDA99EEB7505FD7031F2B26C /* EnrollmentUITests.swift in Sources */,
				C2864EC95B4B060ACE9D9C58 /* AuthenticationUITests.swift in Sources */,
				7B46109C39D7AEF81970BD2E /* VaultUITests.swift in Sources */,
			);
			runOnlyForDeploymentPostprocessing = 0;
		};
		FA135006B2933D907A7383DA /* Sources */ = {
			isa = PBXSourcesBuildPhase;
			buildActionMask = 2147483647;
			files = (
				A1B2C3D4E5F6000000000000 /* AuthenticationViewModelTests.swift in Sources */,
				A1B2C3D4E5F6000000000001 /* BackupListViewModelTests.swift in Sources */,
				A1B2C3D4E5F6000000000002 /* BackupSettingsViewModelTests.swift in Sources */,
				A1B2C3D4E5F6000000000003 /* ConnectionsViewModelTests.swift in Sources */,
				A1B2C3D4E5F6000000000004 /* ConversationViewModelTests.swift in Sources */,
				A1B2C3D4E5F6000000000005 /* CreateInvitationViewModelTests.swift in Sources */,
				A1B2C3D4E5F6000000000006 /* CredentialBackupViewModelTests.swift in Sources */,
				A1B2C3D4E5F6000000000007 /* CredentialRecoveryViewModelTests.swift in Sources */,
				A1B2C3D4E5F6000000000008 /* EnrollmentViewModelTests.swift in Sources */,
				A1B2C3D4E5F6000000000009 /* HandlerDetailViewModelTests.swift in Sources */,
				A1B2C3D4E5F6000000000010 /* HandlerDiscoveryViewModelTests.swift in Sources */,
				A1B2C3D4E5F6000000000011 /* HandlerExecutionViewModelTests.swift in Sources */,
				A1B2C3D4E5F6000000000012 /* NatsConnectionManagerTests.swift in Sources */,
				A1B2C3D4E5F6000000000013 /* ProfileViewModelTests.swift in Sources */,
				A1B2C3D4E5F6000000000014 /* RecoveryPhraseManagerTests.swift in Sources */,
				A1B2C3D4E5F6000000000015 /* ScanInvitationViewModelTests.swift in Sources */,
				A1B2C3D4E5F6000000000016 /* VaultEventClientTests.swift in Sources */,
				A1B2C3D4E5F6000000000017 /* VaultHealthViewModelTests.swift in Sources */,
				A1B2C3D4E5F6000000000018 /* VaultStatusViewModelTests.swift in Sources */,
				7760EC0B29FE0CD3C39CE26D /* ConnectionHandlerTests.swift in Sources */,
				0CB7F637A987C6A46022474E /* PasswordHasherTests.swift in Sources */,
				8E218CCA8B5EBA2C3E3F16C1 /* ProfileHandlerTests.swift in Sources */,
				B42DFE54DFC64BD92494BE34 /* HandlerTypesTests.swift in Sources */,
				3378B15F29C4D1B5D31EAEAB /* CryptoManagerTests.swift in Sources */,
				6CC132C1046013D66F2D65EE /* MessageHandlerTests.swift in Sources */,
				ED4716F6467662F7F601AC64 /* SecurityTests.swift in Sources */,
				18C5D633D920711DA38E2063 /* CredentialsHandlerTests.swift in Sources */,
				FC3D5A2B37C468B12B42145D /* VaultResponseHandlerTests.swift in Sources */,
				D9455BC5C73EC21C76E5D6DE /* NatsCredentialsTests.swift in Sources */,
				0A8A714766B1CBF27A4F71D7 /* ConnectionTypesTests.swift in Sources */,
				E574A910E9A5E480714F16C3 /* SecretsHandlerTests.swift in Sources */,
				B3E5CB8C4570BFB1322A0082 /* BackupTypesTests.swift in Sources */,
				1A3B380AA57E9D3E5F083B4A /* SecureKeyStoreTests.swift in Sources */,
			);
			runOnlyForDeploymentPostprocessing = 0;
		};
/* End PBXSourcesBuildPhase section */

/* Begin PBXTargetDependency section */
		78D8DA992EA0284D9A263C4E /* PBXTargetDependency */ = {
			isa = PBXTargetDependency;
			name = VettID;
			target = 50000001 /* VettID */;
			targetProxy = 8D9F9FE7810A924BE053BF56 /* PBXContainerItemProxy */;
		};
		EF6BE0041D5945125123021C /* PBXTargetDependency */ = {
			isa = PBXTargetDependency;
			name = VettID;
			target = 50000001 /* VettID */;
			targetProxy = E167CBA31844C93656CC413D /* PBXContainerItemProxy */;
		};
/* End PBXTargetDependency section */

/* Begin XCBuildConfiguration section */
		1A8B1FD3B0E700526054C2E1 /* Release */ = {
			isa = XCBuildConfiguration;
			buildSettings = {
				CLANG_ENABLE_OBJC_WEAK = NO;
				CODE_SIGN_STYLE = Automatic;
				DEVELOPMENT_TEAM = "";
				GENERATE_INFOPLIST_FILE = YES;
				INFOPLIST_FILE = VettIDUITests/Info.plist;
				IPHONEOS_DEPLOYMENT_TARGET = 16.0;
				LD_RUNPATH_SEARCH_PATHS = (
					"$(inherited)",
					"@executable_path/Frameworks",
					"@loader_path/Frameworks",
				);
				PRODUCT_BUNDLE_IDENTIFIER = com.vettid.app.uitests;
				PRODUCT_NAME = "$(TARGET_NAME)";
				SDKROOT = iphoneos;
				SWIFT_VERSION = 5.0;
				TARGETED_DEVICE_FAMILY = "1,2";
				TEST_TARGET_NAME = VettID;
				VALIDATE_PRODUCT = YES;
			};
			name = Release;
		};
		27C29618477B55B3C9F0565F /* Release */ = {
			isa = XCBuildConfiguration;
			buildSettings = {
				BUNDLE_LOADER = "$(TEST_HOST)";
				CLANG_ENABLE_OBJC_WEAK = NO;
				CODE_SIGN_STYLE = Automatic;
				DEVELOPMENT_TEAM = "";
				GENERATE_INFOPLIST_FILE = YES;
				INFOPLIST_FILE = "";
				IPHONEOS_DEPLOYMENT_TARGET = 17.0;
				PRODUCT_BUNDLE_IDENTIFIER = com.vettid.app.tests;
				PRODUCT_NAME = VettIDTests;
				SDKROOT = iphoneos;
				SWIFT_VERSION = 5.0;
				TARGETED_DEVICE_FAMILY = "1,2";
				TEST_HOST = "$(BUILT_PRODUCTS_DIR)/VettID.app/$(BUNDLE_EXECUTABLE_FOLDER_PATH)/VettID";
				VALIDATE_PRODUCT = YES;
			};
			name = Release;
		};
		80000001 /* Debug */ = {
			isa = XCBuildConfiguration;
			buildSettings = {
				ALWAYS_SEARCH_USER_PATHS = NO;
				ASSETCATALOG_COMPILER_GENERATE_SWIFT_ASSET_SYMBOL_EXTENSIONS = YES;
				CLANG_ANALYZER_NONNULL = YES;
				CLANG_ANALYZER_NUMBER_OBJECT_CONVERSION = YES_AGGRESSIVE;
				CLANG_CXX_LANGUAGE_STANDARD = "gnu++20";
				CLANG_ENABLE_MODULES = YES;
				CLANG_ENABLE_OBJC_ARC = YES;
				CLANG_ENABLE_OBJC_WEAK = YES;
				CLANG_WARN_BLOCK_CAPTURE_AUTORELEASING = YES;
				CLANG_WARN_BOOL_CONVERSION = YES;
				CLANG_WARN_COMMA = YES;
				CLANG_WARN_CONSTANT_CONVERSION = YES;
				CLANG_WARN_DEPRECATED_OBJC_IMPLEMENTATIONS = YES;
				CLANG_WARN_DIRECT_OBJC_ISA_USAGE = YES_ERROR;
				CLANG_WARN_DOCUMENTATION_COMMENTS = YES;
				CLANG_WARN_EMPTY_BODY = YES;
				CLANG_WARN_ENUM_CONVERSION = YES;
				CLANG_WARN_INFINITE_RECURSION = YES;
				CLANG_WARN_INT_CONVERSION = YES;
				CLANG_WARN_NON_LITERAL_NULL_CONVERSION = YES;
				CLANG_WARN_OBJC_IMPLICIT_RETAIN_SELF = YES;
				CLANG_WARN_OBJC_LITERAL_CONVERSION = YES;
				CLANG_WARN_OBJC_ROOT_CLASS = YES_ERROR;
				CLANG_WARN_QUOTED_INCLUDE_IN_FRAMEWORK_HEADER = YES;
				CLANG_WARN_RANGE_LOOP_ANALYSIS = YES;
				CLANG_WARN_STRICT_PROTOTYPES = YES;
				CLANG_WARN_SUSPICIOUS_MOVE = YES;
				CLANG_WARN_UNGUARDED_AVAILABILITY = YES_AGGRESSIVE;
				CLANG_WARN_UNREACHABLE_CODE = YES;
				CLANG_WARN__DUPLICATE_METHOD_MATCH = YES;
				COPY_PHASE_STRIP = NO;
				DEBUG_INFORMATION_FORMAT = dwarf;
				ENABLE_STRICT_OBJC_MSGSEND = YES;
				ENABLE_TESTABILITY = YES;
				ENABLE_USER_SCRIPT_SANDBOXING = YES;
				GCC_C_LANGUAGE_STANDARD = gnu17;
				GCC_DYNAMIC_NO_PIC = NO;
				GCC_NO_COMMON_BLOCKS = YES;
				GCC_OPTIMIZATION_LEVEL = 0;
				GCC_PREPROCESSOR_DEFINITIONS = (
					"DEBUG=1",
					"$(inherited)",
				);
				GCC_WARN_64_TO_32_BIT_CONVERSION = YES;
				GCC_WARN_ABOUT_RETURN_TYPE = YES_ERROR;
				GCC_WARN_UNDECLARED_SELECTOR = YES;
				GCC_WARN_UNINITIALIZED_AUTOS = YES_AGGRESSIVE;
				GCC_WARN_UNUSED_FUNCTION = YES;
				GCC_WARN_UNUSED_VARIABLE = YES;
				IPHONEOS_DEPLOYMENT_TARGET = 16.0;
				LOCALIZATION_PREFERS_STRING_CATALOGS = YES;
				MTL_ENABLE_DEBUG_INFO = INCLUDE_SOURCE;
				MTL_FAST_MATH = YES;
				ONLY_ACTIVE_ARCH = YES;
				SDKROOT = iphoneos;
				STRING_CATALOG_GENERATE_SYMBOLS = YES;
				SWIFT_ACTIVE_COMPILATION_CONDITIONS = "DEBUG $(inherited)";
				SWIFT_OPTIMIZATION_LEVEL = "-Onone";
			};
			name = Debug;
		};
		80000002 /* Release */ = {
			isa = XCBuildConfiguration;
			buildSettings = {
				ALWAYS_SEARCH_USER_PATHS = NO;
				ASSETCATALOG_COMPILER_GENERATE_SWIFT_ASSET_SYMBOL_EXTENSIONS = YES;
				CLANG_ANALYZER_NONNULL = YES;
				CLANG_ANALYZER_NUMBER_OBJECT_CONVERSION = YES_AGGRESSIVE;
				CLANG_CXX_LANGUAGE_STANDARD = "gnu++20";
				CLANG_ENABLE_MODULES = YES;
				CLANG_ENABLE_OBJC_ARC = YES;
				CLANG_ENABLE_OBJC_WEAK = YES;
				CLANG_WARN_BLOCK_CAPTURE_AUTORELEASING = YES;
				CLANG_WARN_BOOL_CONVERSION = YES;
				CLANG_WARN_COMMA = YES;
				CLANG_WARN_CONSTANT_CONVERSION = YES;
				CLANG_WARN_DEPRECATED_OBJC_IMPLEMENTATIONS = YES;
				CLANG_WARN_DIRECT_OBJC_ISA_USAGE = YES_ERROR;
				CLANG_WARN_DOCUMENTATION_COMMENTS = YES;
				CLANG_WARN_EMPTY_BODY = YES;
				CLANG_WARN_ENUM_CONVERSION = YES;
				CLANG_WARN_INFINITE_RECURSION = YES;
				CLANG_WARN_INT_CONVERSION = YES;
				CLANG_WARN_NON_LITERAL_NULL_CONVERSION = YES;
				CLANG_WARN_OBJC_IMPLICIT_RETAIN_SELF = YES;
				CLANG_WARN_OBJC_LITERAL_CONVERSION = YES;
				CLANG_WARN_OBJC_ROOT_CLASS = YES_ERROR;
				CLANG_WARN_QUOTED_INCLUDE_IN_FRAMEWORK_HEADER = YES;
				CLANG_WARN_RANGE_LOOP_ANALYSIS = YES;
				CLANG_WARN_STRICT_PROTOTYPES = YES;
				CLANG_WARN_SUSPICIOUS_MOVE = YES;
				CLANG_WARN_UNGUARDED_AVAILABILITY = YES_AGGRESSIVE;
				CLANG_WARN_UNREACHABLE_CODE = YES;
				CLANG_WARN__DUPLICATE_METHOD_MATCH = YES;
				COPY_PHASE_STRIP = NO;
				DEBUG_INFORMATION_FORMAT = "dwarf-with-dsym";
				ENABLE_NS_ASSERTIONS = NO;
				ENABLE_STRICT_OBJC_MSGSEND = YES;
				ENABLE_USER_SCRIPT_SANDBOXING = YES;
				GCC_C_LANGUAGE_STANDARD = gnu17;
				GCC_NO_COMMON_BLOCKS = YES;
				GCC_WARN_64_TO_32_BIT_CONVERSION = YES;
				GCC_WARN_ABOUT_RETURN_TYPE = YES_ERROR;
				GCC_WARN_UNDECLARED_SELECTOR = YES;
				GCC_WARN_UNINITIALIZED_AUTOS = YES_AGGRESSIVE;
				GCC_WARN_UNUSED_FUNCTION = YES;
				GCC_WARN_UNUSED_VARIABLE = YES;
				IPHONEOS_DEPLOYMENT_TARGET = 16.0;
				LOCALIZATION_PREFERS_STRING_CATALOGS = YES;
				MTL_ENABLE_DEBUG_INFO = NO;
				MTL_FAST_MATH = YES;
				SDKROOT = iphoneos;
				STRING_CATALOG_GENERATE_SYMBOLS = YES;
				SWIFT_COMPILATION_MODE = wholemodule;
				VALIDATE_PRODUCT = YES;
			};
			name = Release;
		};
		80000003 /* Debug */ = {
			isa = XCBuildConfiguration;
			buildSettings = {
				ASSETCATALOG_COMPILER_APPICON_NAME = AppIcon;
				ASSETCATALOG_COMPILER_GLOBAL_ACCENT_COLOR_NAME = AccentColor;
				CODE_SIGN_ENTITLEMENTS = VettID/VettID.entitlements;
				CODE_SIGN_STYLE = Automatic;
				CURRENT_PROJECT_VERSION = 1;
				DEVELOPMENT_TEAM = 3X25CJ86MV;
				ENABLE_PREVIEWS = YES;
				GENERATE_INFOPLIST_FILE = YES;
				INFOPLIST_FILE = VettID/Info.plist;
				INFOPLIST_KEY_NSCameraUsageDescription = "VettID needs camera access to scan enrollment QR codes.";
				INFOPLIST_KEY_NSFaceIDUsageDescription = "VettID uses Face ID to securely unlock your credentials.";
				INFOPLIST_KEY_UIApplicationSceneManifest_Generation = YES;
				INFOPLIST_KEY_UIApplicationSupportsIndirectInputEvents = YES;
				INFOPLIST_KEY_UILaunchScreen_Generation = YES;
				INFOPLIST_KEY_UISupportedInterfaceOrientations_iPad = "UIInterfaceOrientationPortrait UIInterfaceOrientationPortraitUpsideDown UIInterfaceOrientationLandscapeLeft UIInterfaceOrientationLandscapeRight";
				INFOPLIST_KEY_UISupportedInterfaceOrientations_iPhone = "UIInterfaceOrientationPortrait UIInterfaceOrientationLandscapeLeft UIInterfaceOrientationLandscapeRight";
				LD_RUNPATH_SEARCH_PATHS = (
					"$(inherited)",
					"@executable_path/Frameworks",
				);
				MARKETING_VERSION = 1.0;
				PRODUCT_BUNDLE_IDENTIFIER = com.vettid.app;
				PRODUCT_NAME = "$(TARGET_NAME)";
				SWIFT_EMIT_LOC_STRINGS = YES;
				SWIFT_VERSION = 5.0;
				TARGETED_DEVICE_FAMILY = "1,2";
			};
			name = Debug;
		};
		80000004 /* Release */ = {
			isa = XCBuildConfiguration;
			buildSettings = {
				ASSETCATALOG_COMPILER_APPICON_NAME = AppIcon;
				ASSETCATALOG_COMPILER_GLOBAL_ACCENT_COLOR_NAME = AccentColor;
				CODE_SIGN_ENTITLEMENTS = VettID/VettID.entitlements;
				CODE_SIGN_STYLE = Automatic;
				CURRENT_PROJECT_VERSION = 1;
				DEAD_CODE_STRIPPING = YES;
				DEPLOYMENT_POSTPROCESSING = YES;
				DEVELOPMENT_TEAM = 3X25CJ86MV;
				ENABLE_BITCODE = NO;
				ENABLE_PREVIEWS = YES;
				GENERATE_INFOPLIST_FILE = YES;
				INFOPLIST_FILE = VettID/Info.plist;
				INFOPLIST_KEY_NSCameraUsageDescription = "VettID needs camera access to scan enrollment QR codes.";
				INFOPLIST_KEY_NSFaceIDUsageDescription = "VettID uses Face ID to securely unlock your credentials.";
				INFOPLIST_KEY_UIApplicationSceneManifest_Generation = YES;
				INFOPLIST_KEY_UIApplicationSupportsIndirectInputEvents = YES;
				INFOPLIST_KEY_UILaunchScreen_Generation = YES;
				INFOPLIST_KEY_UISupportedInterfaceOrientations_iPad = "UIInterfaceOrientationPortrait UIInterfaceOrientationPortraitUpsideDown UIInterfaceOrientationLandscapeLeft UIInterfaceOrientationLandscapeRight";
				INFOPLIST_KEY_UISupportedInterfaceOrientations_iPhone = "UIInterfaceOrientationPortrait UIInterfaceOrientationLandscapeLeft UIInterfaceOrientationLandscapeRight";
				LD_RUNPATH_SEARCH_PATHS = (
					"$(inherited)",
					"@executable_path/Frameworks",
				);
				MARKETING_VERSION = 1.0;
				PRODUCT_BUNDLE_IDENTIFIER = com.vettid.app;
				PRODUCT_NAME = "$(TARGET_NAME)";
				SWIFT_EMIT_LOC_STRINGS = YES;
				SWIFT_VERSION = 5.0;
				TARGETED_DEVICE_FAMILY = "1,2";
			};
			name = Release;
		};
		D2BE6888D26C1FCC15DBB869 /* Debug */ = {
			isa = XCBuildConfiguration;
			buildSettings = {
				CLANG_ENABLE_OBJC_WEAK = NO;
				CODE_SIGN_STYLE = Automatic;
				DEVELOPMENT_TEAM = "";
				GENERATE_INFOPLIST_FILE = YES;
				INFOPLIST_FILE = VettIDUITests/Info.plist;
				IPHONEOS_DEPLOYMENT_TARGET = 16.0;
				LD_RUNPATH_SEARCH_PATHS = (
					"$(inherited)",
					"@executable_path/Frameworks",
					"@loader_path/Frameworks",
				);
				PRODUCT_BUNDLE_IDENTIFIER = com.vettid.app.uitests;
				PRODUCT_NAME = "$(TARGET_NAME)";
				SDKROOT = iphoneos;
				SWIFT_VERSION = 5.0;
				TARGETED_DEVICE_FAMILY = "1,2";
				TEST_TARGET_NAME = VettID;
			};
			name = Debug;
		};
		F1970FDD3EA134739F742A15 /* Debug */ = {
			isa = XCBuildConfiguration;
			buildSettings = {
				BUNDLE_LOADER = "$(TEST_HOST)";
				CLANG_ENABLE_OBJC_WEAK = NO;
				CODE_SIGN_STYLE = Automatic;
				DEVELOPMENT_TEAM = "";
				GENERATE_INFOPLIST_FILE = YES;
				INFOPLIST_FILE = "";
				IPHONEOS_DEPLOYMENT_TARGET = 17.0;
				PRODUCT_BUNDLE_IDENTIFIER = com.vettid.app.tests;
				PRODUCT_NAME = VettIDTests;
				SDKROOT = iphoneos;
				SWIFT_VERSION = 5.0;
				TARGETED_DEVICE_FAMILY = "1,2";
				TEST_HOST = "$(BUILT_PRODUCTS_DIR)/VettID.app/$(BUNDLE_EXECUTABLE_FOLDER_PATH)/VettID";
			};
			name = Debug;
		};
/* End XCBuildConfiguration section */

/* Begin XCConfigurationList section */
		2BCEDFE9E7D44EC170647334 /* Build configuration list for PBXNativeTarget "VettIDUITests" */ = {
			isa = XCConfigurationList;
			buildConfigurations = (
				1A8B1FD3B0E700526054C2E1 /* Release */,
				D2BE6888D26C1FCC15DBB869 /* Debug */,
			);
			defaultConfigurationIsVisible = 0;
			defaultConfigurationName = Release;
		};
		60000001 /* Build configuration list for PBXNativeTarget "VettID" */ = {
			isa = XCConfigurationList;
			buildConfigurations = (
				80000003 /* Debug */,
				80000004 /* Release */,
			);
			defaultConfigurationIsVisible = 0;
			defaultConfigurationName = Release;
		};
		60000002 /* Build configuration list for PBXProject "VettID" */ = {
			isa = XCConfigurationList;
			buildConfigurations = (
				80000001 /* Debug */,
				80000002 /* Release */,
			);
			defaultConfigurationIsVisible = 0;
			defaultConfigurationName = Release;
		};
		D73C59A44DB76BF2D5029B03 /* Build configuration list for PBXNativeTarget "VettIDTests" */ = {
			isa = XCConfigurationList;
			buildConfigurations = (
				27C29618477B55B3C9F0565F /* Release */,
				F1970FDD3EA134739F742A15 /* Debug */,
			);
			defaultConfigurationIsVisible = 0;
			defaultConfigurationName = Release;
		};
/* End XCConfigurationList section */

/* Begin XCRemoteSwiftPackageReference section */
		PKG00001 /* XCRemoteSwiftPackageReference "swift-sodium" */ = {
			isa = XCRemoteSwiftPackageReference;
			repositoryURL = "https://github.com/jedisct1/swift-sodium.git";
			requirement = {
				kind = upToNextMajorVersion;
				minimumVersion = 0.9.1;
			};
		};
		PKG00002 /* XCRemoteSwiftPackageReference "nats.swift" */ = {
			isa = XCRemoteSwiftPackageReference;
			repositoryURL = "https://github.com/nats-io/nats.swift.git";
			requirement = {
				kind = upToNextMajorVersion;
				minimumVersion = 0.4.0;
			};
		};
/* End XCRemoteSwiftPackageReference section */

/* Begin XCSwiftPackageProductDependency section */
		SPM00001 /* Sodium */ = {
			isa = XCSwiftPackageProductDependency;
			package = PKG00001 /* XCRemoteSwiftPackageReference "swift-sodium" */;
			productName = Sodium;
		};
		SPM00002 /* Nats */ = {
			isa = XCSwiftPackageProductDependency;
			package = PKG00002 /* XCRemoteSwiftPackageReference "nats.swift" */;
			productName = Nats;
		};
/* End XCSwiftPackageProductDependency section */
	};
	rootObject = 70000001 /* Project object */;
}
