// !$*UTF8*$!
{
	archiveVersion = 1;
	classes = {
	};
	objectVersion = 56;
	objects = {

/* Begin PBXBuildFile section */
		00000001 /* VettIDApp.swift in Sources */ = {isa = PBXBuildFile; fileRef = 10000001; };
		00000002 /* ContentView.swift in Sources */ = {isa = PBXBuildFile; fileRef = 10000002; };
		00000003 /* CryptoManager.swift in Sources */ = {isa = PBXBuildFile; fileRef = 10000003; };
		00000004 /* CredentialStore.swift in Sources */ = {isa = PBXBuildFile; fileRef = 10000004; };
		00000005 /* SecureKeyStore.swift in Sources */ = {isa = PBXBuildFile; fileRef = 10000005; };
		00000006 /* APIClient.swift in Sources */ = {isa = PBXBuildFile; fileRef = 10000006; };
		00000007 /* AttestationManager.swift in Sources */ = {isa = PBXBuildFile; fileRef = 10000007; };
		00000008 /* EnrollmentService.swift in Sources */ = {isa = PBXBuildFile; fileRef = 10000008; };
		00000009 /* QRScannerView.swift in Sources */ = {isa = PBXBuildFile; fileRef = 10000009; };
		0000000A /* BiometricAuthService.swift in Sources */ = {isa = PBXBuildFile; fileRef = 1000000A; };
		0000000B /* VaultService.swift in Sources */ = {isa = PBXBuildFile; fileRef = 1000000B; };
		0000000C /* Assets.xcassets in Resources */ = {isa = PBXBuildFile; fileRef = 1000000C; };
		0000000D /* PasswordHasher.swift in Sources */ = {isa = PBXBuildFile; fileRef = 1000000E; };
		0000000E /* AuthenticationService.swift in Sources */ = {isa = PBXBuildFile; fileRef = 1000000F; };
		00000010 /* EnrollmentViewModel.swift in Sources */ = {isa = PBXBuildFile; fileRef = 10000010; };
		00000011 /* PasswordSetupView.swift in Sources */ = {isa = PBXBuildFile; fileRef = 10000011; };
		00000012 /* AttestationView.swift in Sources */ = {isa = PBXBuildFile; fileRef = 10000012; };
		00000013 /* EnrollmentCompleteView.swift in Sources */ = {isa = PBXBuildFile; fileRef = 10000013; };
		00000014 /* AuthenticationViewModel.swift in Sources */ = {isa = PBXBuildFile; fileRef = 10000014; };
		00000015 /* AuthenticationContainerView.swift in Sources */ = {isa = PBXBuildFile; fileRef = 10000015; };
		00000016 /* VaultStatusViewModel.swift in Sources */ = {isa = PBXBuildFile; fileRef = 10000016; };
		00000017 /* VaultStatusView.swift in Sources */ = {isa = PBXBuildFile; fileRef = 10000017; };
		00000018 /* VaultBackgroundRefresh.swift in Sources */ = {isa = PBXBuildFile; fileRef = 10000018; };
		00000019 /* NatsCredentials.swift in Sources */ = {isa = PBXBuildFile; fileRef = 10000019; };
		0000001A /* NatsCredentialStore.swift in Sources */ = {isa = PBXBuildFile; fileRef = 1000001A; };
		0000001B /* NatsConnectionManager.swift in Sources */ = {isa = PBXBuildFile; fileRef = 1000001B; };
		0000001C /* OwnerSpaceClient.swift in Sources */ = {isa = PBXBuildFile; fileRef = 1000001C; };
		0000001D /* NatsTokenRefreshTask.swift in Sources */ = {isa = PBXBuildFile; fileRef = 1000001D; };
		0000001E /* NatsSetupViewModel.swift in Sources */ = {isa = PBXBuildFile; fileRef = 1000001E; };
		0000001F /* NatsConnectionStatusView.swift in Sources */ = {isa = PBXBuildFile; fileRef = 1000001F; };
		00000020 /* VaultEventClient.swift in Sources */ = {isa = PBXBuildFile; fileRef = 10000020; };
		00000021 /* VaultResponseHandler.swift in Sources */ = {isa = PBXBuildFile; fileRef = 10000021; };
		00000022 /* VaultHealthViewModel.swift in Sources */ = {isa = PBXBuildFile; fileRef = 10000022; };
		00000023 /* VaultHealthView.swift in Sources */ = {isa = PBXBuildFile; fileRef = 10000023; };
		00000024 /* HandlerDiscoveryViewModel.swift in Sources */ = {isa = PBXBuildFile; fileRef = 10000024; };
		00000025 /* HandlerDiscoveryView.swift in Sources */ = {isa = PBXBuildFile; fileRef = 10000025; };
		00000026 /* HandlerDetailViewModel.swift in Sources */ = {isa = PBXBuildFile; fileRef = 10000026; };
		00000027 /* HandlerDetailView.swift in Sources */ = {isa = PBXBuildFile; fileRef = 10000027; };
		00000028 /* HandlerExecutionViewModel.swift in Sources */ = {isa = PBXBuildFile; fileRef = 10000028; };
		00000029 /* HandlerExecutionView.swift in Sources */ = {isa = PBXBuildFile; fileRef = 10000029; };
		0000002A /* Connection.swift in Sources */ = {isa = PBXBuildFile; fileRef = 1000002A; };
		0000002B /* Message.swift in Sources */ = {isa = PBXBuildFile; fileRef = 1000002B; };
		0000002C /* Profile.swift in Sources */ = {isa = PBXBuildFile; fileRef = 1000002C; };
		0000002D /* ConnectionCryptoManager.swift in Sources */ = {isa = PBXBuildFile; fileRef = 1000002D; };
		0000002E /* QRCodeView.swift in Sources */ = {isa = PBXBuildFile; fileRef = 1000002E; };
		0000002F /* QRCodeScannerView.swift in Sources */ = {isa = PBXBuildFile; fileRef = 1000002F; };
		00000030 /* CreateInvitationViewModel.swift in Sources */ = {isa = PBXBuildFile; fileRef = 10000030; };
		00000031 /* CreateInvitationView.swift in Sources */ = {isa = PBXBuildFile; fileRef = 10000031; };
		00000032 /* ScanInvitationViewModel.swift in Sources */ = {isa = PBXBuildFile; fileRef = 10000032; };
		00000033 /* ScanInvitationView.swift in Sources */ = {isa = PBXBuildFile; fileRef = 10000033; };
		00000034 /* ConnectionsViewModel.swift in Sources */ = {isa = PBXBuildFile; fileRef = 10000034; };
		00000035 /* ConnectionsListView.swift in Sources */ = {isa = PBXBuildFile; fileRef = 10000035; };
		00000036 /* ConnectionDetailViewModel.swift in Sources */ = {isa = PBXBuildFile; fileRef = 10000036; };
		00000037 /* ConnectionDetailView.swift in Sources */ = {isa = PBXBuildFile; fileRef = 10000037; };
		00000038 /* ProfileViewModel.swift in Sources */ = {isa = PBXBuildFile; fileRef = 10000038; };
		00000039 /* ProfileView.swift in Sources */ = {isa = PBXBuildFile; fileRef = 10000039; };
		0000003A /* EditProfileView.swift in Sources */ = {isa = PBXBuildFile; fileRef = 1000003A; };
		0000003B /* ConversationViewModel.swift in Sources */ = {isa = PBXBuildFile; fileRef = 1000003B; };
		0000003C /* ConversationView.swift in Sources */ = {isa = PBXBuildFile; fileRef = 1000003C; };
		0000003D /* MessageSubscriber.swift in Sources */ = {isa = PBXBuildFile; fileRef = 1000003D; };
		0000003E /* Backup.swift in Sources */ = {isa = PBXBuildFile; fileRef = 1000003E; };
		0000003F /* BIP39WordList.swift in Sources */ = {isa = PBXBuildFile; fileRef = 1000003F; };
		00000040 /* RecoveryPhraseManager.swift in Sources */ = {isa = PBXBuildFile; fileRef = 10000040; };
		00000041 /* BackupListViewModel.swift in Sources */ = {isa = PBXBuildFile; fileRef = 10000041; };
		00000042 /* BackupListView.swift in Sources */ = {isa = PBXBuildFile; fileRef = 10000042; };
		00000043 /* BackupDetailViewModel.swift in Sources */ = {isa = PBXBuildFile; fileRef = 10000043; };
		00000044 /* BackupDetailView.swift in Sources */ = {isa = PBXBuildFile; fileRef = 10000044; };
		00000045 /* BackupSettingsViewModel.swift in Sources */ = {isa = PBXBuildFile; fileRef = 10000045; };
		00000046 /* BackupSettingsView.swift in Sources */ = {isa = PBXBuildFile; fileRef = 10000046; };
		00000047 /* CredentialBackupViewModel.swift in Sources */ = {isa = PBXBuildFile; fileRef = 10000047; };
		00000048 /* CredentialBackupView.swift in Sources */ = {isa = PBXBuildFile; fileRef = 10000048; };
		00000049 /* CredentialRecoveryViewModel.swift in Sources */ = {isa = PBXBuildFile; fileRef = 10000049; };
		0000004A /* CredentialRecoveryView.swift in Sources */ = {isa = PBXBuildFile; fileRef = 1000004A; };
		0000004B /* BackupBackgroundTask.swift in Sources */ = {isa = PBXBuildFile; fileRef = 1000004B; };
		0000004C /* RuntimeProtection.swift in Sources */ = {isa = PBXBuildFile; fileRef = 1000004C; };
		0000004D /* SecureMemory.swift in Sources */ = {isa = PBXBuildFile; fileRef = 1000004D; };
		0000004E /* CertificatePinning.swift in Sources */ = {isa = PBXBuildFile; fileRef = 1000004E; };
		0000004F /* RequestSigning.swift in Sources */ = {isa = PBXBuildFile; fileRef = 1000004F; };
		00000050 /* SecurePasteboard.swift in Sources */ = {isa = PBXBuildFile; fileRef = 10000050; };
		00000051 /* ScreenProtection.swift in Sources */ = {isa = PBXBuildFile; fileRef = 10000051; };
/* End PBXBuildFile section */

/* Begin PBXFileReference section */
		10000001 /* VettIDApp.swift */ = {isa = PBXFileReference; lastKnownFileType = sourcecode.swift; path = VettIDApp.swift; sourceTree = "<group>"; };
		10000002 /* ContentView.swift */ = {isa = PBXFileReference; lastKnownFileType = sourcecode.swift; path = ContentView.swift; sourceTree = "<group>"; };
		10000003 /* CryptoManager.swift */ = {isa = PBXFileReference; lastKnownFileType = sourcecode.swift; path = CryptoManager.swift; sourceTree = "<group>"; };
		10000004 /* CredentialStore.swift */ = {isa = PBXFileReference; lastKnownFileType = sourcecode.swift; path = CredentialStore.swift; sourceTree = "<group>"; };
		10000005 /* SecureKeyStore.swift */ = {isa = PBXFileReference; lastKnownFileType = sourcecode.swift; path = SecureKeyStore.swift; sourceTree = "<group>"; };
		10000006 /* APIClient.swift */ = {isa = PBXFileReference; lastKnownFileType = sourcecode.swift; path = APIClient.swift; sourceTree = "<group>"; };
		10000007 /* AttestationManager.swift */ = {isa = PBXFileReference; lastKnownFileType = sourcecode.swift; path = AttestationManager.swift; sourceTree = "<group>"; };
		10000008 /* EnrollmentService.swift */ = {isa = PBXFileReference; lastKnownFileType = sourcecode.swift; path = EnrollmentService.swift; sourceTree = "<group>"; };
		10000009 /* QRScannerView.swift */ = {isa = PBXFileReference; lastKnownFileType = sourcecode.swift; path = QRScannerView.swift; sourceTree = "<group>"; };
		1000000A /* BiometricAuthService.swift */ = {isa = PBXFileReference; lastKnownFileType = sourcecode.swift; path = BiometricAuthService.swift; sourceTree = "<group>"; };
		1000000B /* VaultService.swift */ = {isa = PBXFileReference; lastKnownFileType = sourcecode.swift; path = VaultService.swift; sourceTree = "<group>"; };
		1000000C /* Assets.xcassets */ = {isa = PBXFileReference; lastKnownFileType = folder.assetcatalog; path = Assets.xcassets; sourceTree = "<group>"; };
		1000000D /* Info.plist */ = {isa = PBXFileReference; lastKnownFileType = text.plist.xml; path = Info.plist; sourceTree = "<group>"; };
		1000000E /* PasswordHasher.swift */ = {isa = PBXFileReference; lastKnownFileType = sourcecode.swift; path = PasswordHasher.swift; sourceTree = "<group>"; };
		1000000F /* AuthenticationService.swift */ = {isa = PBXFileReference; lastKnownFileType = sourcecode.swift; path = AuthenticationService.swift; sourceTree = "<group>"; };
		10000010 /* EnrollmentViewModel.swift */ = {isa = PBXFileReference; lastKnownFileType = sourcecode.swift; path = EnrollmentViewModel.swift; sourceTree = "<group>"; };
		10000011 /* PasswordSetupView.swift */ = {isa = PBXFileReference; lastKnownFileType = sourcecode.swift; path = PasswordSetupView.swift; sourceTree = "<group>"; };
		10000012 /* AttestationView.swift */ = {isa = PBXFileReference; lastKnownFileType = sourcecode.swift; path = AttestationView.swift; sourceTree = "<group>"; };
		10000013 /* EnrollmentCompleteView.swift */ = {isa = PBXFileReference; lastKnownFileType = sourcecode.swift; path = EnrollmentCompleteView.swift; sourceTree = "<group>"; };
		10000014 /* AuthenticationViewModel.swift */ = {isa = PBXFileReference; lastKnownFileType = sourcecode.swift; path = AuthenticationViewModel.swift; sourceTree = "<group>"; };
		10000015 /* AuthenticationContainerView.swift */ = {isa = PBXFileReference; lastKnownFileType = sourcecode.swift; path = AuthenticationContainerView.swift; sourceTree = "<group>"; };
		10000016 /* VaultStatusViewModel.swift */ = {isa = PBXFileReference; lastKnownFileType = sourcecode.swift; path = VaultStatusViewModel.swift; sourceTree = "<group>"; };
		10000017 /* VaultStatusView.swift */ = {isa = PBXFileReference; lastKnownFileType = sourcecode.swift; path = VaultStatusView.swift; sourceTree = "<group>"; };
		10000018 /* VaultBackgroundRefresh.swift */ = {isa = PBXFileReference; lastKnownFileType = sourcecode.swift; path = VaultBackgroundRefresh.swift; sourceTree = "<group>"; };
		10000019 /* NatsCredentials.swift */ = {isa = PBXFileReference; lastKnownFileType = sourcecode.swift; path = NatsCredentials.swift; sourceTree = "<group>"; };
		1000001A /* NatsCredentialStore.swift */ = {isa = PBXFileReference; lastKnownFileType = sourcecode.swift; path = NatsCredentialStore.swift; sourceTree = "<group>"; };
		1000001B /* NatsConnectionManager.swift */ = {isa = PBXFileReference; lastKnownFileType = sourcecode.swift; path = NatsConnectionManager.swift; sourceTree = "<group>"; };
		1000001C /* OwnerSpaceClient.swift */ = {isa = PBXFileReference; lastKnownFileType = sourcecode.swift; path = OwnerSpaceClient.swift; sourceTree = "<group>"; };
		1000001D /* NatsTokenRefreshTask.swift */ = {isa = PBXFileReference; lastKnownFileType = sourcecode.swift; path = NatsTokenRefreshTask.swift; sourceTree = "<group>"; };
		1000001E /* NatsSetupViewModel.swift */ = {isa = PBXFileReference; lastKnownFileType = sourcecode.swift; path = NatsSetupViewModel.swift; sourceTree = "<group>"; };
		1000001F /* NatsConnectionStatusView.swift */ = {isa = PBXFileReference; lastKnownFileType = sourcecode.swift; path = NatsConnectionStatusView.swift; sourceTree = "<group>"; };
		10000020 /* VaultEventClient.swift */ = {isa = PBXFileReference; lastKnownFileType = sourcecode.swift; path = VaultEventClient.swift; sourceTree = "<group>"; };
		10000021 /* VaultResponseHandler.swift */ = {isa = PBXFileReference; lastKnownFileType = sourcecode.swift; path = VaultResponseHandler.swift; sourceTree = "<group>"; };
		10000022 /* VaultHealthViewModel.swift */ = {isa = PBXFileReference; lastKnownFileType = sourcecode.swift; path = VaultHealthViewModel.swift; sourceTree = "<group>"; };
		10000023 /* VaultHealthView.swift */ = {isa = PBXFileReference; lastKnownFileType = sourcecode.swift; path = VaultHealthView.swift; sourceTree = "<group>"; };
		10000024 /* HandlerDiscoveryViewModel.swift */ = {isa = PBXFileReference; lastKnownFileType = sourcecode.swift; path = HandlerDiscoveryViewModel.swift; sourceTree = "<group>"; };
		10000025 /* HandlerDiscoveryView.swift */ = {isa = PBXFileReference; lastKnownFileType = sourcecode.swift; path = HandlerDiscoveryView.swift; sourceTree = "<group>"; };
		10000026 /* HandlerDetailViewModel.swift */ = {isa = PBXFileReference; lastKnownFileType = sourcecode.swift; path = HandlerDetailViewModel.swift; sourceTree = "<group>"; };
		10000027 /* HandlerDetailView.swift */ = {isa = PBXFileReference; lastKnownFileType = sourcecode.swift; path = HandlerDetailView.swift; sourceTree = "<group>"; };
		10000028 /* HandlerExecutionViewModel.swift */ = {isa = PBXFileReference; lastKnownFileType = sourcecode.swift; path = HandlerExecutionViewModel.swift; sourceTree = "<group>"; };
		10000029 /* HandlerExecutionView.swift */ = {isa = PBXFileReference; lastKnownFileType = sourcecode.swift; path = HandlerExecutionView.swift; sourceTree = "<group>"; };
		1000002A /* Connection.swift */ = {isa = PBXFileReference; lastKnownFileType = sourcecode.swift; path = Connection.swift; sourceTree = "<group>"; };
		1000002B /* Message.swift */ = {isa = PBXFileReference; lastKnownFileType = sourcecode.swift; path = Message.swift; sourceTree = "<group>"; };
		1000002C /* Profile.swift */ = {isa = PBXFileReference; lastKnownFileType = sourcecode.swift; path = Profile.swift; sourceTree = "<group>"; };
		1000002D /* ConnectionCryptoManager.swift */ = {isa = PBXFileReference; lastKnownFileType = sourcecode.swift; path = ConnectionCryptoManager.swift; sourceTree = "<group>"; };
		1000002E /* QRCodeView.swift */ = {isa = PBXFileReference; lastKnownFileType = sourcecode.swift; path = QRCodeView.swift; sourceTree = "<group>"; };
		1000002F /* QRCodeScannerView.swift */ = {isa = PBXFileReference; lastKnownFileType = sourcecode.swift; path = QRCodeScannerView.swift; sourceTree = "<group>"; };
		10000030 /* CreateInvitationViewModel.swift */ = {isa = PBXFileReference; lastKnownFileType = sourcecode.swift; path = CreateInvitationViewModel.swift; sourceTree = "<group>"; };
		10000031 /* CreateInvitationView.swift */ = {isa = PBXFileReference; lastKnownFileType = sourcecode.swift; path = CreateInvitationView.swift; sourceTree = "<group>"; };
		10000032 /* ScanInvitationViewModel.swift */ = {isa = PBXFileReference; lastKnownFileType = sourcecode.swift; path = ScanInvitationViewModel.swift; sourceTree = "<group>"; };
		10000033 /* ScanInvitationView.swift */ = {isa = PBXFileReference; lastKnownFileType = sourcecode.swift; path = ScanInvitationView.swift; sourceTree = "<group>"; };
		10000034 /* ConnectionsViewModel.swift */ = {isa = PBXFileReference; lastKnownFileType = sourcecode.swift; path = ConnectionsViewModel.swift; sourceTree = "<group>"; };
		10000035 /* ConnectionsListView.swift */ = {isa = PBXFileReference; lastKnownFileType = sourcecode.swift; path = ConnectionsListView.swift; sourceTree = "<group>"; };
		10000036 /* ConnectionDetailViewModel.swift */ = {isa = PBXFileReference; lastKnownFileType = sourcecode.swift; path = ConnectionDetailViewModel.swift; sourceTree = "<group>"; };
		10000037 /* ConnectionDetailView.swift */ = {isa = PBXFileReference; lastKnownFileType = sourcecode.swift; path = ConnectionDetailView.swift; sourceTree = "<group>"; };
		10000038 /* ProfileViewModel.swift */ = {isa = PBXFileReference; lastKnownFileType = sourcecode.swift; path = ProfileViewModel.swift; sourceTree = "<group>"; };
		10000039 /* ProfileView.swift */ = {isa = PBXFileReference; lastKnownFileType = sourcecode.swift; path = ProfileView.swift; sourceTree = "<group>"; };
		1000003A /* EditProfileView.swift */ = {isa = PBXFileReference; lastKnownFileType = sourcecode.swift; path = EditProfileView.swift; sourceTree = "<group>"; };
		1000003B /* ConversationViewModel.swift */ = {isa = PBXFileReference; lastKnownFileType = sourcecode.swift; path = ConversationViewModel.swift; sourceTree = "<group>"; };
		1000003C /* ConversationView.swift */ = {isa = PBXFileReference; lastKnownFileType = sourcecode.swift; path = ConversationView.swift; sourceTree = "<group>"; };
		1000003D /* MessageSubscriber.swift */ = {isa = PBXFileReference; lastKnownFileType = sourcecode.swift; path = MessageSubscriber.swift; sourceTree = "<group>"; };
		1000003E /* Backup.swift */ = {isa = PBXFileReference; lastKnownFileType = sourcecode.swift; path = Backup.swift; sourceTree = "<group>"; };
		1000003F /* BIP39WordList.swift */ = {isa = PBXFileReference; lastKnownFileType = sourcecode.swift; path = BIP39WordList.swift; sourceTree = "<group>"; };
		10000040 /* RecoveryPhraseManager.swift */ = {isa = PBXFileReference; lastKnownFileType = sourcecode.swift; path = RecoveryPhraseManager.swift; sourceTree = "<group>"; };
		10000041 /* BackupListViewModel.swift */ = {isa = PBXFileReference; lastKnownFileType = sourcecode.swift; path = BackupListViewModel.swift; sourceTree = "<group>"; };
		10000042 /* BackupListView.swift */ = {isa = PBXFileReference; lastKnownFileType = sourcecode.swift; path = BackupListView.swift; sourceTree = "<group>"; };
		10000043 /* BackupDetailViewModel.swift */ = {isa = PBXFileReference; lastKnownFileType = sourcecode.swift; path = BackupDetailViewModel.swift; sourceTree = "<group>"; };
		10000044 /* BackupDetailView.swift */ = {isa = PBXFileReference; lastKnownFileType = sourcecode.swift; path = BackupDetailView.swift; sourceTree = "<group>"; };
		10000045 /* BackupSettingsViewModel.swift */ = {isa = PBXFileReference; lastKnownFileType = sourcecode.swift; path = BackupSettingsViewModel.swift; sourceTree = "<group>"; };
		10000046 /* BackupSettingsView.swift */ = {isa = PBXFileReference; lastKnownFileType = sourcecode.swift; path = BackupSettingsView.swift; sourceTree = "<group>"; };
		10000047 /* CredentialBackupViewModel.swift */ = {isa = PBXFileReference; lastKnownFileType = sourcecode.swift; path = CredentialBackupViewModel.swift; sourceTree = "<group>"; };
		10000048 /* CredentialBackupView.swift */ = {isa = PBXFileReference; lastKnownFileType = sourcecode.swift; path = CredentialBackupView.swift; sourceTree = "<group>"; };
		10000049 /* CredentialRecoveryViewModel.swift */ = {isa = PBXFileReference; lastKnownFileType = sourcecode.swift; path = CredentialRecoveryViewModel.swift; sourceTree = "<group>"; };
		1000004A /* CredentialRecoveryView.swift */ = {isa = PBXFileReference; lastKnownFileType = sourcecode.swift; path = CredentialRecoveryView.swift; sourceTree = "<group>"; };
		1000004B /* BackupBackgroundTask.swift */ = {isa = PBXFileReference; lastKnownFileType = sourcecode.swift; path = BackupBackgroundTask.swift; sourceTree = "<group>"; };
		1000004C /* RuntimeProtection.swift */ = {isa = PBXFileReference; lastKnownFileType = sourcecode.swift; path = RuntimeProtection.swift; sourceTree = "<group>"; };
		1000004D /* SecureMemory.swift */ = {isa = PBXFileReference; lastKnownFileType = sourcecode.swift; path = SecureMemory.swift; sourceTree = "<group>"; };
		1000004E /* CertificatePinning.swift */ = {isa = PBXFileReference; lastKnownFileType = sourcecode.swift; path = CertificatePinning.swift; sourceTree = "<group>"; };
		1000004F /* RequestSigning.swift */ = {isa = PBXFileReference; lastKnownFileType = sourcecode.swift; path = RequestSigning.swift; sourceTree = "<group>"; };
		10000050 /* SecurePasteboard.swift */ = {isa = PBXFileReference; lastKnownFileType = sourcecode.swift; path = SecurePasteboard.swift; sourceTree = "<group>"; };
		10000051 /* ScreenProtection.swift */ = {isa = PBXFileReference; lastKnownFileType = sourcecode.swift; path = ScreenProtection.swift; sourceTree = "<group>"; };
		20000001 /* VettID.app */ = {isa = PBXFileReference; explicitFileType = wrapper.application; includeInIndex = 0; path = VettID.app; sourceTree = BUILT_PRODUCTS_DIR; };
/* End PBXFileReference section */

/* Begin PBXFrameworksBuildPhase section */
		30000001 /* Frameworks */ = {
			isa = PBXFrameworksBuildPhase;
			buildActionMask = 2147483647;
			files = (
			);
			runOnlyForDeploymentPostprocessing = 0;
		};
/* End PBXFrameworksBuildPhase section */

/* Begin PBXGroup section */
		40000001 = {
			isa = PBXGroup;
			children = (
				40000002 /* VettID */,
				40000003 /* Products */,
			);
			sourceTree = "<group>";
		};
		40000002 /* VettID */ = {
			isa = PBXGroup;
			children = (
				40000004 /* App */,
				40000005 /* Core */,
				40000012 /* Models */,
				40000006 /* Features */,
				40000007 /* Resources */,
				1000000D /* Info.plist */,
			);
			path = VettID;
			sourceTree = "<group>";
		};
		40000003 /* Products */ = {
			isa = PBXGroup;
			children = (
				20000001 /* VettID.app */,
			);
			name = Products;
			sourceTree = "<group>";
		};
		40000004 /* App */ = {
			isa = PBXGroup;
			children = (
				10000001 /* VettIDApp.swift */,
				10000002 /* ContentView.swift */,
			);
			path = App;
			sourceTree = "<group>";
		};
		40000005 /* Core */ = {
			isa = PBXGroup;
			children = (
				40000008 /* Crypto */,
				40000009 /* Storage */,
				4000000A /* Networking */,
				4000000B /* Attestation */,
				4000000F /* NATS */,
				40000017 /* Security */,
			);
			path = Core;
			sourceTree = "<group>";
		};
		40000017 /* Security */ = {
			isa = PBXGroup;
			children = (
				1000004C /* RuntimeProtection.swift */,
				1000004D /* SecureMemory.swift */,
				1000004E /* CertificatePinning.swift */,
				1000004F /* RequestSigning.swift */,
				10000050 /* SecurePasteboard.swift */,
				10000051 /* ScreenProtection.swift */,
			);
			path = Security;
			sourceTree = "<group>";
		};
		40000012 /* Models */ = {
			isa = PBXGroup;
			children = (
				1000003E /* Backup.swift */,
				1000002A /* Connection.swift */,
				1000002B /* Message.swift */,
				1000002C /* Profile.swift */,
			);
			path = Models;
			sourceTree = "<group>";
		};
		40000006 /* Features */ = {
			isa = PBXGroup;
			children = (
				4000000C /* Enrollment */,
				4000000D /* Authentication */,
				4000000E /* Vault */,
				40000010 /* NATS */,
				40000011 /* Handlers */,
				40000013 /* Connections */,
				40000014 /* Profile */,
				40000015 /* Messaging */,
				40000016 /* Backup */,
			);
			path = Features;
			sourceTree = "<group>";
		};
		40000016 /* Backup */ = {
			isa = PBXGroup;
			children = (
				1000004B /* BackupBackgroundTask.swift */,
				10000044 /* BackupDetailView.swift */,
				10000043 /* BackupDetailViewModel.swift */,
				10000042 /* BackupListView.swift */,
				10000041 /* BackupListViewModel.swift */,
				10000046 /* BackupSettingsView.swift */,
				10000045 /* BackupSettingsViewModel.swift */,
				10000048 /* CredentialBackupView.swift */,
				10000047 /* CredentialBackupViewModel.swift */,
				1000004A /* CredentialRecoveryView.swift */,
				10000049 /* CredentialRecoveryViewModel.swift */,
			);
			path = Backup;
			sourceTree = "<group>";
		};
		40000013 /* Connections */ = {
			isa = PBXGroup;
			children = (
				1000002E /* QRCodeView.swift */,
				1000002F /* QRCodeScannerView.swift */,
				10000030 /* CreateInvitationViewModel.swift */,
				10000031 /* CreateInvitationView.swift */,
				10000032 /* ScanInvitationViewModel.swift */,
				10000033 /* ScanInvitationView.swift */,
				10000034 /* ConnectionsViewModel.swift */,
				10000035 /* ConnectionsListView.swift */,
				10000036 /* ConnectionDetailViewModel.swift */,
				10000037 /* ConnectionDetailView.swift */,
			);
			path = Connections;
			sourceTree = "<group>";
		};
		40000014 /* Profile */ = {
			isa = PBXGroup;
			children = (
				10000038 /* ProfileViewModel.swift */,
				10000039 /* ProfileView.swift */,
				1000003A /* EditProfileView.swift */,
			);
			path = Profile;
			sourceTree = "<group>";
		};
		40000015 /* Messaging */ = {
			isa = PBXGroup;
			children = (
				1000003B /* ConversationViewModel.swift */,
				1000003C /* ConversationView.swift */,
				1000003D /* MessageSubscriber.swift */,
			);
			path = Messaging;
			sourceTree = "<group>";
		};
		40000007 /* Resources */ = {
			isa = PBXGroup;
			children = (
				1000000C /* Assets.xcassets */,
			);
			path = Resources;
			sourceTree = "<group>";
		};
		40000008 /* Crypto */ = {
			isa = PBXGroup;
			children = (
				1000003F /* BIP39WordList.swift */,
				1000002D /* ConnectionCryptoManager.swift */,
				10000003 /* CryptoManager.swift */,
				1000000E /* PasswordHasher.swift */,
				10000040 /* RecoveryPhraseManager.swift */,
			);
			path = Crypto;
			sourceTree = "<group>";
		};
		40000009 /* Storage */ = {
			isa = PBXGroup;
			children = (
				10000004 /* CredentialStore.swift */,
				10000005 /* SecureKeyStore.swift */,
			);
			path = Storage;
			sourceTree = "<group>";
		};
		4000000A /* Networking */ = {
			isa = PBXGroup;
			children = (
				10000006 /* APIClient.swift */,
			);
			path = Networking;
			sourceTree = "<group>";
		};
		4000000B /* Attestation */ = {
			isa = PBXGroup;
			children = (
				10000007 /* AttestationManager.swift */,
			);
			path = Attestation;
			sourceTree = "<group>";
		};
		4000000C /* Enrollment */ = {
			isa = PBXGroup;
			children = (
				10000008 /* EnrollmentService.swift */,
				10000009 /* QRScannerView.swift */,
				10000010 /* EnrollmentViewModel.swift */,
				10000011 /* PasswordSetupView.swift */,
				10000012 /* AttestationView.swift */,
				10000013 /* EnrollmentCompleteView.swift */,
			);
			path = Enrollment;
			sourceTree = "<group>";
		};
		4000000D /* Authentication */ = {
			isa = PBXGroup;
			children = (
				1000000A /* BiometricAuthService.swift */,
				1000000F /* AuthenticationService.swift */,
				10000014 /* AuthenticationViewModel.swift */,
				10000015 /* AuthenticationContainerView.swift */,
			);
			path = Authentication;
			sourceTree = "<group>";
		};
		4000000E /* Vault */ = {
			isa = PBXGroup;
			children = (
				1000000B /* VaultService.swift */,
				10000016 /* VaultStatusViewModel.swift */,
				10000017 /* VaultStatusView.swift */,
				10000018 /* VaultBackgroundRefresh.swift */,
				10000022 /* VaultHealthViewModel.swift */,
				10000023 /* VaultHealthView.swift */,
			);
			path = Vault;
			sourceTree = "<group>";
		};
		4000000F /* NATS */ = {
			isa = PBXGroup;
			children = (
				10000019 /* NatsCredentials.swift */,
				1000001A /* NatsCredentialStore.swift */,
				1000001B /* NatsConnectionManager.swift */,
				1000001C /* OwnerSpaceClient.swift */,
				1000001D /* NatsTokenRefreshTask.swift */,
				10000020 /* VaultEventClient.swift */,
				10000021 /* VaultResponseHandler.swift */,
			);
			path = NATS;
			sourceTree = "<group>";
		};
		40000010 /* NATS */ = {
			isa = PBXGroup;
			children = (
				1000001E /* NatsSetupViewModel.swift */,
				1000001F /* NatsConnectionStatusView.swift */,
			);
			path = NATS;
			sourceTree = "<group>";
		};
		40000011 /* Handlers */ = {
			isa = PBXGroup;
			children = (
				10000024 /* HandlerDiscoveryViewModel.swift */,
				10000025 /* HandlerDiscoveryView.swift */,
				10000026 /* HandlerDetailViewModel.swift */,
				10000027 /* HandlerDetailView.swift */,
				10000028 /* HandlerExecutionViewModel.swift */,
				10000029 /* HandlerExecutionView.swift */,
			);
			path = Handlers;
			sourceTree = "<group>";
		};
/* End PBXGroup section */

/* Begin PBXNativeTarget section */
		50000001 /* VettID */ = {
			isa = PBXNativeTarget;
			buildConfigurationList = 60000001 /* Build configuration list for PBXNativeTarget "VettID" */;
			buildPhases = (
				50000002 /* Sources */,
				30000001 /* Frameworks */,
				50000003 /* Resources */,
			);
			buildRules = (
			);
			dependencies = (
			);
			name = VettID;
			productName = VettID;
			productReference = 20000001 /* VettID.app */;
			productType = "com.apple.product-type.application";
		};
/* End PBXNativeTarget section */

/* Begin PBXProject section */
		70000001 /* Project object */ = {
			isa = PBXProject;
			attributes = {
				BuildIndependentTargetsInParallel = 1;
				LastSwiftUpdateCheck = 1500;
				LastUpgradeCheck = 1500;
				TargetAttributes = {
					50000001 = {
						CreatedOnToolsVersion = 15.0;
					};
				};
			};
			buildConfigurationList = 60000002 /* Build configuration list for PBXProject "VettID" */;
			compatibilityVersion = "Xcode 14.0";
			developmentRegion = en;
			hasScannedForEncodings = 0;
			knownRegions = (
				en,
				Base,
			);
			mainGroup = 40000001;
			productRefGroup = 40000003 /* Products */;
			projectDirPath = "";
			projectRoot = "";
			targets = (
				50000001 /* VettID */,
			);
		};
/* End PBXProject section */

/* Begin PBXResourcesBuildPhase section */
		50000003 /* Resources */ = {
			isa = PBXResourcesBuildPhase;
			buildActionMask = 2147483647;
			files = (
				0000000C /* Assets.xcassets in Resources */,
			);
			runOnlyForDeploymentPostprocessing = 0;
		};
/* End PBXResourcesBuildPhase section */

/* Begin PBXSourcesBuildPhase section */
		50000002 /* Sources */ = {
			isa = PBXSourcesBuildPhase;
			buildActionMask = 2147483647;
			files = (
				00000001 /* VettIDApp.swift in Sources */,
				00000002 /* ContentView.swift in Sources */,
				00000003 /* CryptoManager.swift in Sources */,
				00000004 /* CredentialStore.swift in Sources */,
				00000005 /* SecureKeyStore.swift in Sources */,
				00000006 /* APIClient.swift in Sources */,
				00000007 /* AttestationManager.swift in Sources */,
				00000008 /* EnrollmentService.swift in Sources */,
				00000009 /* QRScannerView.swift in Sources */,
				0000000A /* BiometricAuthService.swift in Sources */,
				0000000B /* VaultService.swift in Sources */,
				0000000D /* PasswordHasher.swift in Sources */,
				0000000E /* AuthenticationService.swift in Sources */,
				00000010 /* EnrollmentViewModel.swift in Sources */,
				00000011 /* PasswordSetupView.swift in Sources */,
				00000012 /* AttestationView.swift in Sources */,
				00000013 /* EnrollmentCompleteView.swift in Sources */,
				00000014 /* AuthenticationViewModel.swift in Sources */,
				00000015 /* AuthenticationContainerView.swift in Sources */,
				00000016 /* VaultStatusViewModel.swift in Sources */,
				00000017 /* VaultStatusView.swift in Sources */,
				00000018 /* VaultBackgroundRefresh.swift in Sources */,
				00000019 /* NatsCredentials.swift in Sources */,
				0000001A /* NatsCredentialStore.swift in Sources */,
				0000001B /* NatsConnectionManager.swift in Sources */,
				0000001C /* OwnerSpaceClient.swift in Sources */,
				0000001D /* NatsTokenRefreshTask.swift in Sources */,
				0000001E /* NatsSetupViewModel.swift in Sources */,
				0000001F /* NatsConnectionStatusView.swift in Sources */,
				00000020 /* VaultEventClient.swift in Sources */,
				00000021 /* VaultResponseHandler.swift in Sources */,
				00000022 /* VaultHealthViewModel.swift in Sources */,
				00000023 /* VaultHealthView.swift in Sources */,
				00000024 /* HandlerDiscoveryViewModel.swift in Sources */,
				00000025 /* HandlerDiscoveryView.swift in Sources */,
				00000026 /* HandlerDetailViewModel.swift in Sources */,
				00000027 /* HandlerDetailView.swift in Sources */,
				00000028 /* HandlerExecutionViewModel.swift in Sources */,
				00000029 /* HandlerExecutionView.swift in Sources */,
				0000002A /* Connection.swift in Sources */,
				0000002B /* Message.swift in Sources */,
				0000002C /* Profile.swift in Sources */,
				0000002D /* ConnectionCryptoManager.swift in Sources */,
				0000002E /* QRCodeView.swift in Sources */,
				0000002F /* QRCodeScannerView.swift in Sources */,
				00000030 /* CreateInvitationViewModel.swift in Sources */,
				00000031 /* CreateInvitationView.swift in Sources */,
				00000032 /* ScanInvitationViewModel.swift in Sources */,
				00000033 /* ScanInvitationView.swift in Sources */,
				00000034 /* ConnectionsViewModel.swift in Sources */,
				00000035 /* ConnectionsListView.swift in Sources */,
				00000036 /* ConnectionDetailViewModel.swift in Sources */,
				00000037 /* ConnectionDetailView.swift in Sources */,
				00000038 /* ProfileViewModel.swift in Sources */,
				00000039 /* ProfileView.swift in Sources */,
				0000003A /* EditProfileView.swift in Sources */,
				0000003B /* ConversationViewModel.swift in Sources */,
				0000003C /* ConversationView.swift in Sources */,
				0000003D /* MessageSubscriber.swift in Sources */,
				0000003E /* Backup.swift in Sources */,
				0000003F /* BIP39WordList.swift in Sources */,
				00000040 /* RecoveryPhraseManager.swift in Sources */,
				00000041 /* BackupListViewModel.swift in Sources */,
				00000042 /* BackupListView.swift in Sources */,
				00000043 /* BackupDetailViewModel.swift in Sources */,
				00000044 /* BackupDetailView.swift in Sources */,
				00000045 /* BackupSettingsViewModel.swift in Sources */,
				00000046 /* BackupSettingsView.swift in Sources */,
				00000047 /* CredentialBackupViewModel.swift in Sources */,
				00000048 /* CredentialBackupView.swift in Sources */,
				00000049 /* CredentialRecoveryViewModel.swift in Sources */,
				0000004A /* CredentialRecoveryView.swift in Sources */,
				0000004B /* BackupBackgroundTask.swift in Sources */,
				0000004C /* RuntimeProtection.swift in Sources */,
				0000004D /* SecureMemory.swift in Sources */,
				0000004E /* CertificatePinning.swift in Sources */,
				0000004F /* RequestSigning.swift in Sources */,
				00000050 /* SecurePasteboard.swift in Sources */,
				00000051 /* ScreenProtection.swift in Sources */,
			);
			runOnlyForDeploymentPostprocessing = 0;
		};
/* End PBXSourcesBuildPhase section */

/* Begin XCBuildConfiguration section */
		80000001 /* Debug */ = {
			isa = XCBuildConfiguration;
			buildSettings = {
				ALWAYS_SEARCH_USER_PATHS = NO;
				ASSETCATALOG_COMPILER_GENERATE_SWIFT_ASSET_SYMBOL_EXTENSIONS = YES;
				CLANG_ANALYZER_NONNULL = YES;
				CLANG_ANALYZER_NUMBER_OBJECT_CONVERSION = YES_AGGRESSIVE;
				CLANG_CXX_LANGUAGE_STANDARD = "gnu++20";
				CLANG_ENABLE_MODULES = YES;
				CLANG_ENABLE_OBJC_ARC = YES;
				CLANG_ENABLE_OBJC_WEAK = YES;
				CLANG_WARN_BLOCK_CAPTURE_AUTORELEASING = YES;
				CLANG_WARN_BOOL_CONVERSION = YES;
				CLANG_WARN_COMMA = YES;
				CLANG_WARN_CONSTANT_CONVERSION = YES;
				CLANG_WARN_DEPRECATED_OBJC_IMPLEMENTATIONS = YES;
				CLANG_WARN_DIRECT_OBJC_ISA_USAGE = YES_ERROR;
				CLANG_WARN_DOCUMENTATION_COMMENTS = YES;
				CLANG_WARN_EMPTY_BODY = YES;
				CLANG_WARN_ENUM_CONVERSION = YES;
				CLANG_WARN_INFINITE_RECURSION = YES;
				CLANG_WARN_INT_CONVERSION = YES;
				CLANG_WARN_NON_LITERAL_NULL_CONVERSION = YES;
				CLANG_WARN_OBJC_IMPLICIT_RETAIN_SELF = YES;
				CLANG_WARN_OBJC_LITERAL_CONVERSION = YES;
				CLANG_WARN_OBJC_ROOT_CLASS = YES_ERROR;
				CLANG_WARN_QUOTED_INCLUDE_IN_FRAMEWORK_HEADER = YES;
				CLANG_WARN_RANGE_LOOP_ANALYSIS = YES;
				CLANG_WARN_STRICT_PROTOTYPES = YES;
				CLANG_WARN_SUSPICIOUS_MOVE = YES;
				CLANG_WARN_UNGUARDED_AVAILABILITY = YES_AGGRESSIVE;
				CLANG_WARN_UNREACHABLE_CODE = YES;
				CLANG_WARN__DUPLICATE_METHOD_MATCH = YES;
				COPY_PHASE_STRIP = NO;
				DEBUG_INFORMATION_FORMAT = dwarf;
				ENABLE_STRICT_OBJC_MSGSEND = YES;
				ENABLE_TESTABILITY = YES;
				ENABLE_USER_SCRIPT_SANDBOXING = YES;
				GCC_C_LANGUAGE_STANDARD = gnu17;
				GCC_DYNAMIC_NO_PIC = NO;
				GCC_NO_COMMON_BLOCKS = YES;
				GCC_OPTIMIZATION_LEVEL = 0;
				GCC_PREPROCESSOR_DEFINITIONS = (
					"DEBUG=1",
					"$(inherited)",
				);
				GCC_WARN_64_TO_32_BIT_CONVERSION = YES;
				GCC_WARN_ABOUT_RETURN_TYPE = YES_ERROR;
				GCC_WARN_UNDECLARED_SELECTOR = YES;
				GCC_WARN_UNINITIALIZED_AUTOS = YES_AGGRESSIVE;
				GCC_WARN_UNUSED_FUNCTION = YES;
				GCC_WARN_UNUSED_VARIABLE = YES;
				IPHONEOS_DEPLOYMENT_TARGET = 16.0;
				LOCALIZATION_PREFERS_STRING_CATALOGS = YES;
				MTL_ENABLE_DEBUG_INFO = INCLUDE_SOURCE;
				MTL_FAST_MATH = YES;
				ONLY_ACTIVE_ARCH = YES;
				SDKROOT = iphoneos;
				SWIFT_ACTIVE_COMPILATION_CONDITIONS = "DEBUG $(inherited)";
				SWIFT_OPTIMIZATION_LEVEL = "-Onone";
			};
			name = Debug;
		};
		80000002 /* Release */ = {
			isa = XCBuildConfiguration;
			buildSettings = {
				ALWAYS_SEARCH_USER_PATHS = NO;
				ASSETCATALOG_COMPILER_GENERATE_SWIFT_ASSET_SYMBOL_EXTENSIONS = YES;
				CLANG_ANALYZER_NONNULL = YES;
				CLANG_ANALYZER_NUMBER_OBJECT_CONVERSION = YES_AGGRESSIVE;
				CLANG_CXX_LANGUAGE_STANDARD = "gnu++20";
				CLANG_ENABLE_MODULES = YES;
				CLANG_ENABLE_OBJC_ARC = YES;
				CLANG_ENABLE_OBJC_WEAK = YES;
				CLANG_WARN_BLOCK_CAPTURE_AUTORELEASING = YES;
				CLANG_WARN_BOOL_CONVERSION = YES;
				CLANG_WARN_COMMA = YES;
				CLANG_WARN_CONSTANT_CONVERSION = YES;
				CLANG_WARN_DEPRECATED_OBJC_IMPLEMENTATIONS = YES;
				CLANG_WARN_DIRECT_OBJC_ISA_USAGE = YES_ERROR;
				CLANG_WARN_DOCUMENTATION_COMMENTS = YES;
				CLANG_WARN_EMPTY_BODY = YES;
				CLANG_WARN_ENUM_CONVERSION = YES;
				CLANG_WARN_INFINITE_RECURSION = YES;
				CLANG_WARN_INT_CONVERSION = YES;
				CLANG_WARN_NON_LITERAL_NULL_CONVERSION = YES;
				CLANG_WARN_OBJC_IMPLICIT_RETAIN_SELF = YES;
				CLANG_WARN_OBJC_LITERAL_CONVERSION = YES;
				CLANG_WARN_OBJC_ROOT_CLASS = YES_ERROR;
				CLANG_WARN_QUOTED_INCLUDE_IN_FRAMEWORK_HEADER = YES;
				CLANG_WARN_RANGE_LOOP_ANALYSIS = YES;
				CLANG_WARN_STRICT_PROTOTYPES = YES;
				CLANG_WARN_SUSPICIOUS_MOVE = YES;
				CLANG_WARN_UNGUARDED_AVAILABILITY = YES_AGGRESSIVE;
				CLANG_WARN_UNREACHABLE_CODE = YES;
				CLANG_WARN__DUPLICATE_METHOD_MATCH = YES;
				COPY_PHASE_STRIP = NO;
				DEBUG_INFORMATION_FORMAT = "dwarf-with-dsym";
				ENABLE_NS_ASSERTIONS = NO;
				ENABLE_STRICT_OBJC_MSGSEND = YES;
				ENABLE_USER_SCRIPT_SANDBOXING = YES;
				GCC_C_LANGUAGE_STANDARD = gnu17;
				GCC_NO_COMMON_BLOCKS = YES;
				GCC_WARN_64_TO_32_BIT_CONVERSION = YES;
				GCC_WARN_ABOUT_RETURN_TYPE = YES_ERROR;
				GCC_WARN_UNDECLARED_SELECTOR = YES;
				GCC_WARN_UNINITIALIZED_AUTOS = YES_AGGRESSIVE;
				GCC_WARN_UNUSED_FUNCTION = YES;
				GCC_WARN_UNUSED_VARIABLE = YES;
				IPHONEOS_DEPLOYMENT_TARGET = 16.0;
				LOCALIZATION_PREFERS_STRING_CATALOGS = YES;
				MTL_ENABLE_DEBUG_INFO = NO;
				MTL_FAST_MATH = YES;
				SDKROOT = iphoneos;
				SWIFT_COMPILATION_MODE = wholemodule;
				VALIDATE_PRODUCT = YES;
			};
			name = Release;
		};
		80000003 /* Debug */ = {
			isa = XCBuildConfiguration;
			buildSettings = {
				ASSETCATALOG_COMPILER_APPICON_NAME = AppIcon;
				ASSETCATALOG_COMPILER_GLOBAL_ACCENT_COLOR_NAME = AccentColor;
				CODE_SIGN_STYLE = Automatic;
				CURRENT_PROJECT_VERSION = 1;
				DEVELOPMENT_TEAM = "";
				ENABLE_PREVIEWS = YES;
				GENERATE_INFOPLIST_FILE = YES;
				INFOPLIST_FILE = VettID/Info.plist;
				INFOPLIST_KEY_NSCameraUsageDescription = "VettID needs camera access to scan enrollment QR codes.";
				INFOPLIST_KEY_NSFaceIDUsageDescription = "VettID uses Face ID to securely unlock your credentials.";
				INFOPLIST_KEY_UIApplicationSceneManifest_Generation = YES;
				INFOPLIST_KEY_UIApplicationSupportsIndirectInputEvents = YES;
				INFOPLIST_KEY_UILaunchScreen_Generation = YES;
				INFOPLIST_KEY_UISupportedInterfaceOrientations_iPad = "UIInterfaceOrientationPortrait UIInterfaceOrientationPortraitUpsideDown UIInterfaceOrientationLandscapeLeft UIInterfaceOrientationLandscapeRight";
				INFOPLIST_KEY_UISupportedInterfaceOrientations_iPhone = "UIInterfaceOrientationPortrait UIInterfaceOrientationLandscapeLeft UIInterfaceOrientationLandscapeRight";
				LD_RUNPATH_SEARCH_PATHS = (
					"$(inherited)",
					"@executable_path/Frameworks",
				);
				MARKETING_VERSION = 1.0;
				PRODUCT_BUNDLE_IDENTIFIER = com.vettid.app;
				PRODUCT_NAME = "$(TARGET_NAME)";
				SWIFT_EMIT_LOC_STRINGS = YES;
				SWIFT_VERSION = 5.0;
				TARGETED_DEVICE_FAMILY = "1,2";
			};
			name = Debug;
		};
		80000004 /* Release */ = {
			isa = XCBuildConfiguration;
			buildSettings = {
				ASSETCATALOG_COMPILER_APPICON_NAME = AppIcon;
				ASSETCATALOG_COMPILER_GLOBAL_ACCENT_COLOR_NAME = AccentColor;
				CODE_SIGN_STYLE = Automatic;
				CURRENT_PROJECT_VERSION = 1;
				DEVELOPMENT_TEAM = "";
				ENABLE_PREVIEWS = YES;
				GENERATE_INFOPLIST_FILE = YES;
				INFOPLIST_FILE = VettID/Info.plist;
				INFOPLIST_KEY_NSCameraUsageDescription = "VettID needs camera access to scan enrollment QR codes.";
				INFOPLIST_KEY_NSFaceIDUsageDescription = "VettID uses Face ID to securely unlock your credentials.";
				INFOPLIST_KEY_UIApplicationSceneManifest_Generation = YES;
				INFOPLIST_KEY_UIApplicationSupportsIndirectInputEvents = YES;
				INFOPLIST_KEY_UILaunchScreen_Generation = YES;
				INFOPLIST_KEY_UISupportedInterfaceOrientations_iPad = "UIInterfaceOrientationPortrait UIInterfaceOrientationPortraitUpsideDown UIInterfaceOrientationLandscapeLeft UIInterfaceOrientationLandscapeRight";
				INFOPLIST_KEY_UISupportedInterfaceOrientations_iPhone = "UIInterfaceOrientationPortrait UIInterfaceOrientationLandscapeLeft UIInterfaceOrientationLandscapeRight";
				LD_RUNPATH_SEARCH_PATHS = (
					"$(inherited)",
					"@executable_path/Frameworks",
				);
				MARKETING_VERSION = 1.0;
				PRODUCT_BUNDLE_IDENTIFIER = com.vettid.app;
				PRODUCT_NAME = "$(TARGET_NAME)";
				SWIFT_EMIT_LOC_STRINGS = YES;
				SWIFT_VERSION = 5.0;
				TARGETED_DEVICE_FAMILY = "1,2";
				/* Security Hardening Settings */
				ENABLE_BITCODE = NO;
				STRIP_INSTALLED_PRODUCT = YES;
				STRIP_STYLE = "non-global";
				DEAD_CODE_STRIPPING = YES;
				DEPLOYMENT_POSTPROCESSING = YES;
				/* Stack protection is enabled by default in Xcode */
				/* PIE is enabled by default for iOS apps */
			};
			name = Release;
		};
/* End XCBuildConfiguration section */

/* Begin XCConfigurationList section */
		60000001 /* Build configuration list for PBXNativeTarget "VettID" */ = {
			isa = XCConfigurationList;
			buildConfigurations = (
				80000003 /* Debug */,
				80000004 /* Release */,
			);
			defaultConfigurationIsVisible = 0;
			defaultConfigurationName = Release;
		};
		60000002 /* Build configuration list for PBXProject "VettID" */ = {
			isa = XCConfigurationList;
			buildConfigurations = (
				80000001 /* Debug */,
				80000002 /* Release */,
			);
			defaultConfigurationIsVisible = 0;
			defaultConfigurationName = Release;
		};
/* End XCConfigurationList section */
	};
	rootObject = 70000001 /* Project object */;
}
